
Microsoft Visual Studio Solution File, Format Version 12.00
# Visual Studio Version 17
VisualStudioVersion = 17.5.33424.131
MinimumVisualStudioVersion = 10.0.40219.1
Project("{8BC9CEB8-8B4A-11D0-8D11-00A0C91BC942}") = "001_AR47Start", "001_AR47Start\001_AR47Start.vcxproj", "{6DC939D8-ACB9-48AA-8180-FB49D15DBB5D}"
EndProject
Project("{8BC9CEB8-8B4A-11D0-8D11-00A0C91BC942}") = "003_MainFunction", "003_MainFunction\003_MainFunction.vcxproj", "{92F2E61B-45BA-4152-86E4-5B500F46CC71}"
EndProject
Project("{8BC9CEB8-8B4A-11D0-8D11-00A0C91BC942}") = "002_Compile", "002_Compile\002_Compile.vcxproj", "{915B27A9-AC3B-489D-93F9-2DD873CCC166}"
EndProject
Project("{8BC9CEB8-8B4A-11D0-8D11-00A0C91BC942}") = "004_Var", "004_Var\004_Var.vcxproj", "{7008F475-DAD7-4EF9-977D-F936E095D25F}"
EndProject
Project("{8BC9CEB8-8B4A-11D0-8D11-00A0C91BC942}") = "005_Operator000", "005_Operator000\005_Operator000.vcxproj", "{23FE8B1C-5DA9-46F9-8956-496E8876D51B}"
EndProject
Project("{8BC9CEB8-8B4A-11D0-8D11-00A0C91BC942}") = "006_InitOrCopy", "006_InitOrCopy\006_InitOrCopy.vcxproj", "{FD8BB4F3-048E-4CC1-A10C-7B09D2BDA7E0}"
EndProject
Project("{2150E333-8FDC-42A3-9474-1A3956D46DE8}") = "Doc", "Doc", "{62307E8D-5268-4756-BF48-803108FDF6EB}"
	ProjectSection(SolutionItems) = preProject
		메모리 영역.txt = 메모리 영역.txt
		용어 정리.txt = 용어 정리.txt
	EndProjectSection
EndProject
Project("{8BC9CEB8-8B4A-11D0-8D11-00A0C91BC942}") = "007_Operator001", "007_Operator001\007_Operator001.vcxproj", "{80AF7182-91D9-4315-A48E-B3FA10E52A13}"
EndProject
Project("{8BC9CEB8-8B4A-11D0-8D11-00A0C91BC942}") = "008_Bit", "008_Bit\008_Bit.vcxproj", "{5E197F1A-ECB1-43BE-9AED-0A9FFCEE0E4E}"
EndProject
Project("{8BC9CEB8-8B4A-11D0-8D11-00A0C91BC942}") = "009_Semicolon", "009_Semicolon\009_Semicolon.vcxproj", "{3A081EFF-7FC1-4AC0-B255-CE9E05320A43}"
EndProject
Project("{8BC9CEB8-8B4A-11D0-8D11-00A0C91BC942}") = "010_Operator002", "010_Operator002\010_Operator002.vcxproj", "{FAECDC37-7E7D-43CD-878D-DB0ED249A9AE}"
EndProject
Project("{8BC9CEB8-8B4A-11D0-8D11-00A0C91BC942}") = "011_Operator003", "011_Operator003\011_Operator003.vcxproj", "{BE41B456-2A72-41D8-B72F-CB664074D86A}"
EndProject
Project("{8BC9CEB8-8B4A-11D0-8D11-00A0C91BC942}") = "012_FunctionAndMemory", "012_FunctionAndMemory\012_FunctionAndMemory.vcxproj", "{3C586836-3EB3-43D8-B996-7C5AF262670D}"
EndProject
Project("{8BC9CEB8-8B4A-11D0-8D11-00A0C91BC942}") = "013_Function", "013_Function\013_Function.vcxproj", "{E2BC587C-B3EB-4BD8-97FA-0D7CAFE845F3}"
EndProject
Project("{8BC9CEB8-8B4A-11D0-8D11-00A0C91BC942}") = "014_Unsigned", "014_Unsigned\014_Unsigned.vcxproj", "{627122D5-9338-487D-A3CB-1DE5F2BA511F}"
EndProject
Project("{8BC9CEB8-8B4A-11D0-8D11-00A0C91BC942}") = "015_Character", "015_Character\015_Character.vcxproj", "{7F8DF522-D377-4640-A38F-0554BAEECA4F}"
EndProject
Project("{8BC9CEB8-8B4A-11D0-8D11-00A0C91BC942}") = "016_ArrayToString", "016_ArrayToString\016_ArrayToString.vcxproj", "{F8DACE39-79D6-416C-9829-4F0EAB26DAA4}"
EndProject
Project("{8BC9CEB8-8B4A-11D0-8D11-00A0C91BC942}") = "017_Printf", "017_Printf\017_Printf.vcxproj", "{9BCCF4BF-0051-4C82-9E61-5FD126D2DA48}"
EndProject
Global
	GlobalSection(SolutionConfigurationPlatforms) = preSolution
		Debug|x64 = Debug|x64
		Debug|x86 = Debug|x86
		Release|x64 = Release|x64
		Release|x86 = Release|x86
	EndGlobalSection
	GlobalSection(ProjectConfigurationPlatforms) = postSolution
		{6DC939D8-ACB9-48AA-8180-FB49D15DBB5D}.Debug|x64.ActiveCfg = Debug|x64
		{6DC939D8-ACB9-48AA-8180-FB49D15DBB5D}.Debug|x64.Build.0 = Debug|x64
		{6DC939D8-ACB9-48AA-8180-FB49D15DBB5D}.Debug|x86.ActiveCfg = Debug|Win32
		{6DC939D8-ACB9-48AA-8180-FB49D15DBB5D}.Debug|x86.Build.0 = Debug|Win32
		{6DC939D8-ACB9-48AA-8180-FB49D15DBB5D}.Release|x64.ActiveCfg = Release|x64
		{6DC939D8-ACB9-48AA-8180-FB49D15DBB5D}.Release|x64.Build.0 = Release|x64
		{6DC939D8-ACB9-48AA-8180-FB49D15DBB5D}.Release|x86.ActiveCfg = Release|Win32
		{6DC939D8-ACB9-48AA-8180-FB49D15DBB5D}.Release|x86.Build.0 = Release|Win32
		{92F2E61B-45BA-4152-86E4-5B500F46CC71}.Debug|x64.ActiveCfg = Debug|x64
		{92F2E61B-45BA-4152-86E4-5B500F46CC71}.Debug|x64.Build.0 = Debug|x64
		{92F2E61B-45BA-4152-86E4-5B500F46CC71}.Debug|x86.ActiveCfg = Debug|Win32
		{92F2E61B-45BA-4152-86E4-5B500F46CC71}.Debug|x86.Build.0 = Debug|Win32
		{92F2E61B-45BA-4152-86E4-5B500F46CC71}.Release|x64.ActiveCfg = Release|x64
		{92F2E61B-45BA-4152-86E4-5B500F46CC71}.Release|x64.Build.0 = Release|x64
		{92F2E61B-45BA-4152-86E4-5B500F46CC71}.Release|x86.ActiveCfg = Release|Win32
		{92F2E61B-45BA-4152-86E4-5B500F46CC71}.Release|x86.Build.0 = Release|Win32
		{915B27A9-AC3B-489D-93F9-2DD873CCC166}.Debug|x64.ActiveCfg = Debug|x64
		{915B27A9-AC3B-489D-93F9-2DD873CCC166}.Debug|x64.Build.0 = Debug|x64
		{915B27A9-AC3B-489D-93F9-2DD873CCC166}.Debug|x86.ActiveCfg = Debug|Win32
		{915B27A9-AC3B-489D-93F9-2DD873CCC166}.Debug|x86.Build.0 = Debug|Win32
		{915B27A9-AC3B-489D-93F9-2DD873CCC166}.Release|x64.ActiveCfg = Release|x64
		{915B27A9-AC3B-489D-93F9-2DD873CCC166}.Release|x64.Build.0 = Release|x64
		{915B27A9-AC3B-489D-93F9-2DD873CCC166}.Release|x86.ActiveCfg = Release|Win32
		{915B27A9-AC3B-489D-93F9-2DD873CCC166}.Release|x86.Build.0 = Release|Win32
		{7008F475-DAD7-4EF9-977D-F936E095D25F}.Debug|x64.ActiveCfg = Debug|x64
		{7008F475-DAD7-4EF9-977D-F936E095D25F}.Debug|x64.Build.0 = Debug|x64
		{7008F475-DAD7-4EF9-977D-F936E095D25F}.Debug|x86.ActiveCfg = Debug|Win32
		{7008F475-DAD7-4EF9-977D-F936E095D25F}.Debug|x86.Build.0 = Debug|Win32
		{7008F475-DAD7-4EF9-977D-F936E095D25F}.Release|x64.ActiveCfg = Release|x64
		{7008F475-DAD7-4EF9-977D-F936E095D25F}.Release|x64.Build.0 = Release|x64
		{7008F475-DAD7-4EF9-977D-F936E095D25F}.Release|x86.ActiveCfg = Release|Win32
		{7008F475-DAD7-4EF9-977D-F936E095D25F}.Release|x86.Build.0 = Release|Win32
		{23FE8B1C-5DA9-46F9-8956-496E8876D51B}.Debug|x64.ActiveCfg = Debug|x64
		{23FE8B1C-5DA9-46F9-8956-496E8876D51B}.Debug|x64.Build.0 = Debug|x64
		{23FE8B1C-5DA9-46F9-8956-496E8876D51B}.Debug|x86.ActiveCfg = Debug|Win32
		{23FE8B1C-5DA9-46F9-8956-496E8876D51B}.Debug|x86.Build.0 = Debug|Win32
		{23FE8B1C-5DA9-46F9-8956-496E8876D51B}.Release|x64.ActiveCfg = Release|x64
		{23FE8B1C-5DA9-46F9-8956-496E8876D51B}.Release|x64.Build.0 = Release|x64
		{23FE8B1C-5DA9-46F9-8956-496E8876D51B}.Release|x86.ActiveCfg = Release|Win32
		{23FE8B1C-5DA9-46F9-8956-496E8876D51B}.Release|x86.Build.0 = Release|Win32
		{FD8BB4F3-048E-4CC1-A10C-7B09D2BDA7E0}.Debug|x64.ActiveCfg = Debug|x64
		{FD8BB4F3-048E-4CC1-A10C-7B09D2BDA7E0}.Debug|x64.Build.0 = Debug|x64
		{FD8BB4F3-048E-4CC1-A10C-7B09D2BDA7E0}.Debug|x86.ActiveCfg = Debug|Win32
		{FD8BB4F3-048E-4CC1-A10C-7B09D2BDA7E0}.Debug|x86.Build.0 = Debug|Win32
		{FD8BB4F3-048E-4CC1-A10C-7B09D2BDA7E0}.Release|x64.ActiveCfg = Release|x64
		{FD8BB4F3-048E-4CC1-A10C-7B09D2BDA7E0}.Release|x64.Build.0 = Release|x64
		{FD8BB4F3-048E-4CC1-A10C-7B09D2BDA7E0}.Release|x86.ActiveCfg = Release|Win32
		{FD8BB4F3-048E-4CC1-A10C-7B09D2BDA7E0}.Release|x86.Build.0 = Release|Win32
		{80AF7182-91D9-4315-A48E-B3FA10E52A13}.Debug|x64.ActiveCfg = Debug|x64
		{80AF7182-91D9-4315-A48E-B3FA10E52A13}.Debug|x64.Build.0 = Debug|x64
		{80AF7182-91D9-4315-A48E-B3FA10E52A13}.Debug|x86.ActiveCfg = Debug|Win32
		{80AF7182-91D9-4315-A48E-B3FA10E52A13}.Debug|x86.Build.0 = Debug|Win32
		{80AF7182-91D9-4315-A48E-B3FA10E52A13}.Release|x64.ActiveCfg = Release|x64
		{80AF7182-91D9-4315-A48E-B3FA10E52A13}.Release|x64.Build.0 = Release|x64
		{80AF7182-91D9-4315-A48E-B3FA10E52A13}.Release|x86.ActiveCfg = Release|Win32
		{80AF7182-91D9-4315-A48E-B3FA10E52A13}.Release|x86.Build.0 = Release|Win32
		{5E197F1A-ECB1-43BE-9AED-0A9FFCEE0E4E}.Debug|x64.ActiveCfg = Debug|x64
		{5E197F1A-ECB1-43BE-9AED-0A9FFCEE0E4E}.Debug|x64.Build.0 = Debug|x64
		{5E197F1A-ECB1-43BE-9AED-0A9FFCEE0E4E}.Debug|x86.ActiveCfg = Debug|Win32
		{5E197F1A-ECB1-43BE-9AED-0A9FFCEE0E4E}.Debug|x86.Build.0 = Debug|Win32
		{5E197F1A-ECB1-43BE-9AED-0A9FFCEE0E4E}.Release|x64.ActiveCfg = Release|x64
		{5E197F1A-ECB1-43BE-9AED-0A9FFCEE0E4E}.Release|x64.Build.0 = Release|x64
		{5E197F1A-ECB1-43BE-9AED-0A9FFCEE0E4E}.Release|x86.ActiveCfg = Release|Win32
		{5E197F1A-ECB1-43BE-9AED-0A9FFCEE0E4E}.Release|x86.Build.0 = Release|Win32
		{3A081EFF-7FC1-4AC0-B255-CE9E05320A43}.Debug|x64.ActiveCfg = Debug|x64
		{3A081EFF-7FC1-4AC0-B255-CE9E05320A43}.Debug|x64.Build.0 = Debug|x64
		{3A081EFF-7FC1-4AC0-B255-CE9E05320A43}.Debug|x86.ActiveCfg = Debug|Win32
		{3A081EFF-7FC1-4AC0-B255-CE9E05320A43}.Debug|x86.Build.0 = Debug|Win32
		{3A081EFF-7FC1-4AC0-B255-CE9E05320A43}.Release|x64.ActiveCfg = Release|x64
		{3A081EFF-7FC1-4AC0-B255-CE9E05320A43}.Release|x64.Build.0 = Release|x64
		{3A081EFF-7FC1-4AC0-B255-CE9E05320A43}.Release|x86.ActiveCfg = Release|Win32
		{3A081EFF-7FC1-4AC0-B255-CE9E05320A43}.Release|x86.Build.0 = Release|Win32
		{FAECDC37-7E7D-43CD-878D-DB0ED249A9AE}.Debug|x64.ActiveCfg = Debug|x64
		{FAECDC37-7E7D-43CD-878D-DB0ED249A9AE}.Debug|x64.Build.0 = Debug|x64
		{FAECDC37-7E7D-43CD-878D-DB0ED249A9AE}.Debug|x86.ActiveCfg = Debug|Win32
		{FAECDC37-7E7D-43CD-878D-DB0ED249A9AE}.Debug|x86.Build.0 = Debug|Win32
		{FAECDC37-7E7D-43CD-878D-DB0ED249A9AE}.Release|x64.ActiveCfg = Release|x64
		{FAECDC37-7E7D-43CD-878D-DB0ED249A9AE}.Release|x64.Build.0 = Release|x64
		{FAECDC37-7E7D-43CD-878D-DB0ED249A9AE}.Release|x86.ActiveCfg = Release|Win32
		{FAECDC37-7E7D-43CD-878D-DB0ED249A9AE}.Release|x86.Build.0 = Release|Win32
		{BE41B456-2A72-41D8-B72F-CB664074D86A}.Debug|x64.ActiveCfg = Debug|x64
		{BE41B456-2A72-41D8-B72F-CB664074D86A}.Debug|x64.Build.0 = Debug|x64
		{BE41B456-2A72-41D8-B72F-CB664074D86A}.Debug|x86.ActiveCfg = Debug|Win32
		{BE41B456-2A72-41D8-B72F-CB664074D86A}.Debug|x86.Build.0 = Debug|Win32
		{BE41B456-2A72-41D8-B72F-CB664074D86A}.Release|x64.ActiveCfg = Release|x64
		{BE41B456-2A72-41D8-B72F-CB664074D86A}.Release|x64.Build.0 = Release|x64
		{BE41B456-2A72-41D8-B72F-CB664074D86A}.Release|x86.ActiveCfg = Release|Win32
		{BE41B456-2A72-41D8-B72F-CB664074D86A}.Release|x86.Build.0 = Release|Win32
		{3C586836-3EB3-43D8-B996-7C5AF262670D}.Debug|x64.ActiveCfg = Debug|x64
		{3C586836-3EB3-43D8-B996-7C5AF262670D}.Debug|x64.Build.0 = Debug|x64
		{3C586836-3EB3-43D8-B996-7C5AF262670D}.Debug|x86.ActiveCfg = Debug|Win32
		{3C586836-3EB3-43D8-B996-7C5AF262670D}.Debug|x86.Build.0 = Debug|Win32
		{3C586836-3EB3-43D8-B996-7C5AF262670D}.Release|x64.ActiveCfg = Release|x64
		{3C586836-3EB3-43D8-B996-7C5AF262670D}.Release|x64.Build.0 = Release|x64
		{3C586836-3EB3-43D8-B996-7C5AF262670D}.Release|x86.ActiveCfg = Release|Win32
		{3C586836-3EB3-43D8-B996-7C5AF262670D}.Release|x86.Build.0 = Release|Win32
		{E2BC587C-B3EB-4BD8-97FA-0D7CAFE845F3}.Debug|x64.ActiveCfg = Debug|x64
		{E2BC587C-B3EB-4BD8-97FA-0D7CAFE845F3}.Debug|x64.Build.0 = Debug|x64
		{E2BC587C-B3EB-4BD8-97FA-0D7CAFE845F3}.Debug|x86.ActiveCfg = Debug|Win32
		{E2BC587C-B3EB-4BD8-97FA-0D7CAFE845F3}.Debug|x86.Build.0 = Debug|Win32
		{E2BC587C-B3EB-4BD8-97FA-0D7CAFE845F3}.Release|x64.ActiveCfg = Release|x64
		{E2BC587C-B3EB-4BD8-97FA-0D7CAFE845F3}.Release|x64.Build.0 = Release|x64
		{E2BC587C-B3EB-4BD8-97FA-0D7CAFE845F3}.Release|x86.ActiveCfg = Release|Win32
		{E2BC587C-B3EB-4BD8-97FA-0D7CAFE845F3}.Release|x86.Build.0 = Release|Win32
		{627122D5-9338-487D-A3CB-1DE5F2BA511F}.Debug|x64.ActiveCfg = Debug|x64
		{627122D5-9338-487D-A3CB-1DE5F2BA511F}.Debug|x64.Build.0 = Debug|x64
		{627122D5-9338-487D-A3CB-1DE5F2BA511F}.Debug|x86.ActiveCfg = Debug|Win32
		{627122D5-9338-487D-A3CB-1DE5F2BA511F}.Debug|x86.Build.0 = Debug|Win32
		{627122D5-9338-487D-A3CB-1DE5F2BA511F}.Release|x64.ActiveCfg = Release|x64
		{627122D5-9338-487D-A3CB-1DE5F2BA511F}.Release|x64.Build.0 = Release|x64
		{627122D5-9338-487D-A3CB-1DE5F2BA511F}.Release|x86.ActiveCfg = Release|Win32
		{627122D5-9338-487D-A3CB-1DE5F2BA511F}.Release|x86.Build.0 = Release|Win32
		{7F8DF522-D377-4640-A38F-0554BAEECA4F}.Debug|x64.ActiveCfg = Debug|x64
		{7F8DF522-D377-4640-A38F-0554BAEECA4F}.Debug|x64.Build.0 = Debug|x64
		{7F8DF522-D377-4640-A38F-0554BAEECA4F}.Debug|x86.ActiveCfg = Debug|Win32
		{7F8DF522-D377-4640-A38F-0554BAEECA4F}.Debug|x86.Build.0 = Debug|Win32
		{7F8DF522-D377-4640-A38F-0554BAEECA4F}.Release|x64.ActiveCfg = Release|x64
		{7F8DF522-D377-4640-A38F-0554BAEECA4F}.Release|x64.Build.0 = Release|x64
		{7F8DF522-D377-4640-A38F-0554BAEECA4F}.Release|x86.ActiveCfg = Release|Win32
		{7F8DF522-D377-4640-A38F-0554BAEECA4F}.Release|x86.Build.0 = Release|Win32
		{F8DACE39-79D6-416C-9829-4F0EAB26DAA4}.Debug|x64.ActiveCfg = Debug|x64
		{F8DACE39-79D6-416C-9829-4F0EAB26DAA4}.Debug|x64.Build.0 = Debug|x64
		{F8DACE39-79D6-416C-9829-4F0EAB26DAA4}.Debug|x86.ActiveCfg = Debug|Win32
		{F8DACE39-79D6-416C-9829-4F0EAB26DAA4}.Debug|x86.Build.0 = Debug|Win32
		{F8DACE39-79D6-416C-9829-4F0EAB26DAA4}.Release|x64.ActiveCfg = Release|x64
		{F8DACE39-79D6-416C-9829-4F0EAB26DAA4}.Release|x64.Build.0 = Release|x64
		{F8DACE39-79D6-416C-9829-4F0EAB26DAA4}.Release|x86.ActiveCfg = Release|Win32
		{F8DACE39-79D6-416C-9829-4F0EAB26DAA4}.Release|x86.Build.0 = Release|Win32
		{9BCCF4BF-0051-4C82-9E61-5FD126D2DA48}.Debug|x64.ActiveCfg = Debug|x64
		{9BCCF4BF-0051-4C82-9E61-5FD126D2DA48}.Debug|x64.Build.0 = Debug|x64
		{9BCCF4BF-0051-4C82-9E61-5FD126D2DA48}.Debug|x86.ActiveCfg = Debug|Win32
		{9BCCF4BF-0051-4C82-9E61-5FD126D2DA48}.Debug|x86.Build.0 = Debug|Win32
		{9BCCF4BF-0051-4C82-9E61-5FD126D2DA48}.Release|x64.ActiveCfg = Release|x64
		{9BCCF4BF-0051-4C82-9E61-5FD126D2DA48}.Release|x64.Build.0 = Release|x64
		{9BCCF4BF-0051-4C82-9E61-5FD126D2DA48}.Release|x86.ActiveCfg = Release|Win32
		{9BCCF4BF-0051-4C82-9E61-5FD126D2DA48}.Release|x86.Build.0 = Release|Win32
	EndGlobalSection
	GlobalSection(SolutionProperties) = preSolution
		HideSolutionNode = FALSE
	EndGlobalSection
	GlobalSection(ExtensibilityGlobals) = postSolution
		SolutionGuid = {F286CD72-DA50-41AE-ADCB-4D83D9F578E4}
	EndGlobalSection
EndGlobal
