
Microsoft Visual Studio Solution File, Format Version 12.00
# Visual Studio Version 17
VisualStudioVersion = 17.5.33424.131
MinimumVisualStudioVersion = 10.0.40219.1
Project("{8BC9CEB8-8B4A-11D0-8D11-00A0C91BC942}") = "001_AR47Start", "001_AR47Start\001_AR47Start.vcxproj", "{6DC939D8-ACB9-48AA-8180-FB49D15DBB5D}"
EndProject
Project("{8BC9CEB8-8B4A-11D0-8D11-00A0C91BC942}") = "003_MainFunction", "003_MainFunction\003_MainFunction.vcxproj", "{92F2E61B-45BA-4152-86E4-5B500F46CC71}"
EndProject
Project("{8BC9CEB8-8B4A-11D0-8D11-00A0C91BC942}") = "002_Compile", "002_Compile\002_Compile.vcxproj", "{915B27A9-AC3B-489D-93F9-2DD873CCC166}"
EndProject
Project("{8BC9CEB8-8B4A-11D0-8D11-00A0C91BC942}") = "004_Var", "004_Var\004_Var.vcxproj", "{7008F475-DAD7-4EF9-977D-F936E095D25F}"
EndProject
Project("{8BC9CEB8-8B4A-11D0-8D11-00A0C91BC942}") = "005_Operator000", "005_Operator000\005_Operator000.vcxproj", "{23FE8B1C-5DA9-46F9-8956-496E8876D51B}"
EndProject
Project("{8BC9CEB8-8B4A-11D0-8D11-00A0C91BC942}") = "006_InitOrCopy", "006_InitOrCopy\006_InitOrCopy.vcxproj", "{FD8BB4F3-048E-4CC1-A10C-7B09D2BDA7E0}"
EndProject
Project("{2150E333-8FDC-42A3-9474-1A3956D46DE8}") = "Doc", "Doc", "{62307E8D-5268-4756-BF48-803108FDF6EB}"
	ProjectSection(SolutionItems) = preProject
		객체지향.txt = 객체지향.txt
		규칙.txt = 규칙.txt
		단축키.txt = 단축키.txt
		메모리 영역.txt = 메모리 영역.txt
		용어 정리.txt = 용어 정리.txt
		컴파일 과정.txt = 컴파일 과정.txt
		클래스 디폴트.txt = 클래스 디폴트.txt
	EndProjectSection
EndProject
Project("{8BC9CEB8-8B4A-11D0-8D11-00A0C91BC942}") = "007_Operator001", "007_Operator001\007_Operator001.vcxproj", "{80AF7182-91D9-4315-A48E-B3FA10E52A13}"
EndProject
Project("{8BC9CEB8-8B4A-11D0-8D11-00A0C91BC942}") = "008_Bit", "008_Bit\008_Bit.vcxproj", "{5E197F1A-ECB1-43BE-9AED-0A9FFCEE0E4E}"
EndProject
Project("{8BC9CEB8-8B4A-11D0-8D11-00A0C91BC942}") = "009_Semicolon", "009_Semicolon\009_Semicolon.vcxproj", "{3A081EFF-7FC1-4AC0-B255-CE9E05320A43}"
EndProject
Project("{8BC9CEB8-8B4A-11D0-8D11-00A0C91BC942}") = "010_Operator002", "010_Operator002\010_Operator002.vcxproj", "{FAECDC37-7E7D-43CD-878D-DB0ED249A9AE}"
EndProject
Project("{8BC9CEB8-8B4A-11D0-8D11-00A0C91BC942}") = "011_Operator003", "011_Operator003\011_Operator003.vcxproj", "{BE41B456-2A72-41D8-B72F-CB664074D86A}"
EndProject
Project("{8BC9CEB8-8B4A-11D0-8D11-00A0C91BC942}") = "012_FunctionAndMemory", "012_FunctionAndMemory\012_FunctionAndMemory.vcxproj", "{3C586836-3EB3-43D8-B996-7C5AF262670D}"
EndProject
Project("{8BC9CEB8-8B4A-11D0-8D11-00A0C91BC942}") = "013_Function", "013_Function\013_Function.vcxproj", "{E2BC587C-B3EB-4BD8-97FA-0D7CAFE845F3}"
EndProject
Project("{8BC9CEB8-8B4A-11D0-8D11-00A0C91BC942}") = "014_Unsigned", "014_Unsigned\014_Unsigned.vcxproj", "{627122D5-9338-487D-A3CB-1DE5F2BA511F}"
EndProject
Project("{8BC9CEB8-8B4A-11D0-8D11-00A0C91BC942}") = "015_Character", "015_Character\015_Character.vcxproj", "{7F8DF522-D377-4640-A38F-0554BAEECA4F}"
EndProject
Project("{8BC9CEB8-8B4A-11D0-8D11-00A0C91BC942}") = "016_ArrayToString", "016_ArrayToString\016_ArrayToString.vcxproj", "{F8DACE39-79D6-416C-9829-4F0EAB26DAA4}"
EndProject
Project("{8BC9CEB8-8B4A-11D0-8D11-00A0C91BC942}") = "017_Printf", "017_Printf\017_Printf.vcxproj", "{9BCCF4BF-0051-4C82-9E61-5FD126D2DA48}"
EndProject
Project("{8BC9CEB8-8B4A-11D0-8D11-00A0C91BC942}") = "018_Const001", "018_Const001\018_Const001.vcxproj", "{E0251B5A-2051-486E-80A4-6D819196E63F}"
EndProject
Project("{8BC9CEB8-8B4A-11D0-8D11-00A0C91BC942}") = "020_Pointer", "020_Pointer\020_Pointer.vcxproj", "{32C43DF4-0FCF-47D7-AB51-C6DADEF7EF6F}"
EndProject
Project("{8BC9CEB8-8B4A-11D0-8D11-00A0C91BC942}") = "022_PointerOperator", "022_PointerOperator\022_PointerOperator.vcxproj", "{0A1DB3B5-C435-4868-8075-F13CB98C5386}"
EndProject
Project("{8BC9CEB8-8B4A-11D0-8D11-00A0C91BC942}") = "023_NullPtr", "023_NullPtr\023_NullPtr.vcxproj", "{2743AAFB-0452-4EE5-BB5B-1E61AD095D56}"
EndProject
Project("{8BC9CEB8-8B4A-11D0-8D11-00A0C91BC942}") = "019_Inline001", "019_Inline001\019_Inline001.vcxproj", "{DBCF228B-4515-43EA-8271-56918A17DC06}"
EndProject
Project("{8BC9CEB8-8B4A-11D0-8D11-00A0C91BC942}") = "021_Pointer001", "021_Pointer001\021_Pointer001.vcxproj", "{E31902CE-1A80-43E1-BDBC-DC9CDFF92084}"
EndProject
Project("{8BC9CEB8-8B4A-11D0-8D11-00A0C91BC942}") = "024_Reference", "024_Reference\024_Reference.vcxproj", "{68A2C0CD-B86A-4677-A0BB-B5E00DA5AA1F}"
EndProject
Project("{8BC9CEB8-8B4A-11D0-8D11-00A0C91BC942}") = "025_Const002", "025_Const002\025_Const002.vcxproj", "{E38611DF-F984-4396-8E36-462C28D33570}"
EndProject
Project("{8BC9CEB8-8B4A-11D0-8D11-00A0C91BC942}") = "026_TypeChange", "026_TypeChange\026_TypeChange.vcxproj", "{0DE3DD78-D83F-454B-99E7-42789F5B24C3}"
EndProject
Project("{8BC9CEB8-8B4A-11D0-8D11-00A0C91BC942}") = "027_Printf_s", "027_Printf_s\027_Printf_s.vcxproj", "{21E6D599-803F-4188-A535-6392795A4413}"
EndProject
Project("{8BC9CEB8-8B4A-11D0-8D11-00A0C91BC942}") = "028_While", "028_While\028_While.vcxproj", "{474D74E5-A726-4032-9DA7-94A9998D10B2}"
EndProject
Project("{8BC9CEB8-8B4A-11D0-8D11-00A0C91BC942}") = "029_VariableArgument", "029_VariableArgument\029_VariableArgument.vcxproj", "{EAE12EF6-72CB-46E1-B4E8-F82BC740EA50}"
EndProject
Project("{8BC9CEB8-8B4A-11D0-8D11-00A0C91BC942}") = "030_PointerOperator000", "030_PointerOperator000\030_PointerOperator000.vcxproj", "{76109E11-5DC3-452A-AA49-1BB93A14AC3F}"
EndProject
Project("{8BC9CEB8-8B4A-11D0-8D11-00A0C91BC942}") = "031_If", "031_If\031_If.vcxproj", "{D9D39690-84AE-47AD-8BCB-77D5F89DC819}"
EndProject
Project("{8BC9CEB8-8B4A-11D0-8D11-00A0C91BC942}") = "032_Switch", "032_Switch\032_Switch.vcxproj", "{B6ED35A7-9623-4F18-B64B-4953C65243CC}"
EndProject
Project("{8BC9CEB8-8B4A-11D0-8D11-00A0C91BC942}") = "033_MyPrintf", "033_MyPrintf\033_MyPrintf.vcxproj", "{45ADB369-2592-43C6-855A-D69F107FD297}"
EndProject
Project("{8BC9CEB8-8B4A-11D0-8D11-00A0C91BC942}") = "HomeWork0317", "HomeWork0317\HomeWork0317.vcxproj", "{EDE7E660-CD30-4349-B519-DB9C343343BF}"
EndProject
Project("{2150E333-8FDC-42A3-9474-1A3956D46DE8}") = "Homework", "Homework", "{78FD3CA1-A2DE-4CAB-9E78-6C85DBA3C6C1}"
EndProject
Project("{8BC9CEB8-8B4A-11D0-8D11-00A0C91BC942}") = "034_Random", "034_Random\034_Random.vcxproj", "{132876B3-C48D-41AB-B505-E71B9782550A}"
EndProject
Project("{8BC9CEB8-8B4A-11D0-8D11-00A0C91BC942}") = "035_For", "035_For\035_For.vcxproj", "{E2250E83-359D-4AC7-935C-4ECEB82BB269}"
EndProject
Project("{8BC9CEB8-8B4A-11D0-8D11-00A0C91BC942}") = "036_Global", "036_Global\036_Global.vcxproj", "{133C572C-E998-41AE-9E81-D0EB5B8C6CE0}"
EndProject
Project("{8BC9CEB8-8B4A-11D0-8D11-00A0C91BC942}") = "037_Typedef", "037_Typedef\037_Typedef.vcxproj", "{0317ABD6-6D76-42A1-930C-C7BE12C2B4DD}"
EndProject
Project("{8BC9CEB8-8B4A-11D0-8D11-00A0C91BC942}") = "038_Class", "038_Class\038_Class.vcxproj", "{7BBC8F76-1A8A-4E11-B0CC-D69232E94935}"
EndProject
Project("{8BC9CEB8-8B4A-11D0-8D11-00A0C91BC942}") = "039_BreakAndContinue", "039_BreakAndContinue\039_BreakAndContinue.vcxproj", "{E20F7564-D305-4CAD-AAA2-0B312A3158EF}"
EndProject
Project("{8BC9CEB8-8B4A-11D0-8D11-00A0C91BC942}") = "040_Class001", "040_Class001\040_Class001.vcxproj", "{C27D9D2A-62CE-45AC-B52D-601CBA8F5582}"
EndProject
Project("{8BC9CEB8-8B4A-11D0-8D11-00A0C91BC942}") = "Homework0321", "Homework0321\Homework0321.vcxproj", "{9BA30A88-CCC2-4F4F-8201-C03D2B29A383}"
EndProject
Project("{8BC9CEB8-8B4A-11D0-8D11-00A0C91BC942}") = "041_Class002_UserAccess", "041_Class002_UserAccess\041_Class002_UserAccess.vcxproj", "{55C69FEA-81ED-489B-8C9F-715DA3E89465}"
EndProject
Project("{8BC9CEB8-8B4A-11D0-8D11-00A0C91BC942}") = "042_Class003_Struct", "042_Class003_Struct\042_Class003_Struct.vcxproj", "{32429EBC-8B59-4337-8748-479D5CACF302}"
EndProject
Project("{8BC9CEB8-8B4A-11D0-8D11-00A0C91BC942}") = "043_Arr2d", "043_Arr2d\043_Arr2d.vcxproj", "{1D760F45-B0E3-435E-A9D9-1EC1955CD3C8}"
EndProject
Project("{8BC9CEB8-8B4A-11D0-8D11-00A0C91BC942}") = "044_Member", "044_Member\044_Member.vcxproj", "{8E976E76-C22A-40A3-A63C-C25E8B744B14}"
EndProject
Project("{8BC9CEB8-8B4A-11D0-8D11-00A0C91BC942}") = "045_NameSpace", "045_NameSpace\045_NameSpace.vcxproj", "{5FA547ED-0E4D-442F-A537-FF41656F6109}"
EndProject
Project("{8BC9CEB8-8B4A-11D0-8D11-00A0C91BC942}") = "046_BytePadding", "046_BytePadding\046_BytePadding.vcxproj", "{021E8267-2FEA-462D-947E-EA77C08C4555}"
EndProject
Project("{2150E333-8FDC-42A3-9474-1A3956D46DE8}") = "Etc", "Etc", "{AD94DE9A-7677-4DC5-A253-06AB1F8962A0}"
EndProject
Project("{8BC9CEB8-8B4A-11D0-8D11-00A0C91BC942}") = "ConstEx", "ConstEx\ConstEx.vcxproj", "{1CE8A41E-D8A2-454D-BE2D-1D2DB8E21F2F}"
EndProject
Project("{8BC9CEB8-8B4A-11D0-8D11-00A0C91BC942}") = "047_ClassConstructer", "047_ClassConstructer\047_ClassConstructer.vcxproj", "{EE5F1815-8F1E-4AB2-9019-79DEDF9D3C27}"
EndProject
Project("{8BC9CEB8-8B4A-11D0-8D11-00A0C91BC942}") = "048_This", "048_This\048_This.vcxproj", "{42B4FDFD-7938-4CFE-B324-E817686F38C4}"
EndProject
Project("{8BC9CEB8-8B4A-11D0-8D11-00A0C91BC942}") = "049_ClassObjectPointer", "049_ClassObjectPointer\049_ClassObjectPointer.vcxproj", "{47393917-DB36-4292-9DE3-9B881BBCF835}"
EndProject
Project("{8BC9CEB8-8B4A-11D0-8D11-00A0C91BC942}") = "050_ClassOperator", "050_ClassOperator\050_ClassOperator.vcxproj", "{0115D301-A41E-4A68-9A7C-6FC304ACECFB}"
EndProject
Project("{8BC9CEB8-8B4A-11D0-8D11-00A0C91BC942}") = "Homework0323", "Homework0323\Homework0323.vcxproj", "{03446DC4-28AD-4E32-BCAB-E66454A8955C}"
EndProject
Project("{8BC9CEB8-8B4A-11D0-8D11-00A0C91BC942}") = "051_ClassParameter", "051_ClassParameter\051_ClassParameter.vcxproj", "{15C775A4-C6BC-4C98-9F74-8708C9721897}"
EndProject
Project("{8BC9CEB8-8B4A-11D0-8D11-00A0C91BC942}") = "Homework0324", "Homework0324\Homework0324.vcxproj", "{7D84B290-2F24-4E79-8818-2B2E44C10F98}"
EndProject
Project("{8BC9CEB8-8B4A-11D0-8D11-00A0C91BC942}") = "_getch", "_getch\_getch.vcxproj", "{60FA1808-A9AB-441C-803F-E80149002EAC}"
EndProject
Project("{8BC9CEB8-8B4A-11D0-8D11-00A0C91BC942}") = "052_ClassConst", "052_ClassConst\052_ClassConst.vcxproj", "{A84D4674-75CC-4B36-A042-95218AA19761}"
EndProject
Project("{8BC9CEB8-8B4A-11D0-8D11-00A0C91BC942}") = "053_GlobalValue", "053_GlobalValue\053_GlobalValue.vcxproj", "{7D554A11-57A4-486F-923F-1981519537C7}"
EndProject
Project("{8BC9CEB8-8B4A-11D0-8D11-00A0C91BC942}") = "Homework0327", "Homework0327\Homework0327.vcxproj", "{4E958845-F85F-45F9-A3EC-80E29D45E2D8}"
EndProject
Project("{8BC9CEB8-8B4A-11D0-8D11-00A0C91BC942}") = "BomberMan", "BomberMan\BomberMan.vcxproj", "{F0C66CBF-4950-4897-A11D-7A9939699E17}"
EndProject
Project("{8BC9CEB8-8B4A-11D0-8D11-00A0C91BC942}") = "BomberManClass", "BomberManClass\BomberManClass.vcxproj", "{65BF27D3-8A46-4E92-8807-DF64A5444B8E}"
EndProject
Project("{8BC9CEB8-8B4A-11D0-8D11-00A0C91BC942}") = "054_FunctionOverloading", "054_FunctionOverloading\054_FunctionOverloading.vcxproj", "{9658979D-4A6E-418C-9CBD-D99BD6E16440}"
EndProject
Project("{8BC9CEB8-8B4A-11D0-8D11-00A0C91BC942}") = "055_Declaration", "055_Declaration\055_Declaration.vcxproj", "{F896E596-BC86-4EEA-BEE7-B7EE00610ED8}"
EndProject
Project("{8BC9CEB8-8B4A-11D0-8D11-00A0C91BC942}") = "056_ClassDeclaration", "056_ClassDeclaration\056_ClassDeclaration.vcxproj", "{103B941D-8041-4FFE-BFD2-A73325AADE4D}"
EndProject
Project("{8BC9CEB8-8B4A-11D0-8D11-00A0C91BC942}") = "057_HeaderAndCpp", "057_HeaderAndCpp\057_HeaderAndCpp.vcxproj", "{44E08C62-1F5E-49EC-91F8-3D0D0C7487CD}"
EndProject
Project("{8BC9CEB8-8B4A-11D0-8D11-00A0C91BC942}") = "HomeWork0329", "HomeWork0329\HomeWork0329.vcxproj", "{16B8CD27-BD79-4F97-90B5-63D94FC45E01}"
EndProject
Global
	GlobalSection(SolutionConfigurationPlatforms) = preSolution
		Debug|x64 = Debug|x64
		Debug|x86 = Debug|x86
		Release|x64 = Release|x64
		Release|x86 = Release|x86
	EndGlobalSection
	GlobalSection(ProjectConfigurationPlatforms) = postSolution
		{6DC939D8-ACB9-48AA-8180-FB49D15DBB5D}.Debug|x64.ActiveCfg = Debug|x64
		{6DC939D8-ACB9-48AA-8180-FB49D15DBB5D}.Debug|x64.Build.0 = Debug|x64
		{6DC939D8-ACB9-48AA-8180-FB49D15DBB5D}.Debug|x86.ActiveCfg = Debug|Win32
		{6DC939D8-ACB9-48AA-8180-FB49D15DBB5D}.Debug|x86.Build.0 = Debug|Win32
		{6DC939D8-ACB9-48AA-8180-FB49D15DBB5D}.Release|x64.ActiveCfg = Release|x64
		{6DC939D8-ACB9-48AA-8180-FB49D15DBB5D}.Release|x64.Build.0 = Release|x64
		{6DC939D8-ACB9-48AA-8180-FB49D15DBB5D}.Release|x86.ActiveCfg = Release|Win32
		{6DC939D8-ACB9-48AA-8180-FB49D15DBB5D}.Release|x86.Build.0 = Release|Win32
		{92F2E61B-45BA-4152-86E4-5B500F46CC71}.Debug|x64.ActiveCfg = Debug|x64
		{92F2E61B-45BA-4152-86E4-5B500F46CC71}.Debug|x64.Build.0 = Debug|x64
		{92F2E61B-45BA-4152-86E4-5B500F46CC71}.Debug|x86.ActiveCfg = Debug|Win32
		{92F2E61B-45BA-4152-86E4-5B500F46CC71}.Debug|x86.Build.0 = Debug|Win32
		{92F2E61B-45BA-4152-86E4-5B500F46CC71}.Release|x64.ActiveCfg = Release|x64
		{92F2E61B-45BA-4152-86E4-5B500F46CC71}.Release|x64.Build.0 = Release|x64
		{92F2E61B-45BA-4152-86E4-5B500F46CC71}.Release|x86.ActiveCfg = Release|Win32
		{92F2E61B-45BA-4152-86E4-5B500F46CC71}.Release|x86.Build.0 = Release|Win32
		{915B27A9-AC3B-489D-93F9-2DD873CCC166}.Debug|x64.ActiveCfg = Debug|x64
		{915B27A9-AC3B-489D-93F9-2DD873CCC166}.Debug|x64.Build.0 = Debug|x64
		{915B27A9-AC3B-489D-93F9-2DD873CCC166}.Debug|x86.ActiveCfg = Debug|Win32
		{915B27A9-AC3B-489D-93F9-2DD873CCC166}.Debug|x86.Build.0 = Debug|Win32
		{915B27A9-AC3B-489D-93F9-2DD873CCC166}.Release|x64.ActiveCfg = Release|x64
		{915B27A9-AC3B-489D-93F9-2DD873CCC166}.Release|x64.Build.0 = Release|x64
		{915B27A9-AC3B-489D-93F9-2DD873CCC166}.Release|x86.ActiveCfg = Release|Win32
		{915B27A9-AC3B-489D-93F9-2DD873CCC166}.Release|x86.Build.0 = Release|Win32
		{7008F475-DAD7-4EF9-977D-F936E095D25F}.Debug|x64.ActiveCfg = Debug|x64
		{7008F475-DAD7-4EF9-977D-F936E095D25F}.Debug|x64.Build.0 = Debug|x64
		{7008F475-DAD7-4EF9-977D-F936E095D25F}.Debug|x86.ActiveCfg = Debug|Win32
		{7008F475-DAD7-4EF9-977D-F936E095D25F}.Debug|x86.Build.0 = Debug|Win32
		{7008F475-DAD7-4EF9-977D-F936E095D25F}.Release|x64.ActiveCfg = Release|x64
		{7008F475-DAD7-4EF9-977D-F936E095D25F}.Release|x64.Build.0 = Release|x64
		{7008F475-DAD7-4EF9-977D-F936E095D25F}.Release|x86.ActiveCfg = Release|Win32
		{7008F475-DAD7-4EF9-977D-F936E095D25F}.Release|x86.Build.0 = Release|Win32
		{23FE8B1C-5DA9-46F9-8956-496E8876D51B}.Debug|x64.ActiveCfg = Debug|x64
		{23FE8B1C-5DA9-46F9-8956-496E8876D51B}.Debug|x64.Build.0 = Debug|x64
		{23FE8B1C-5DA9-46F9-8956-496E8876D51B}.Debug|x86.ActiveCfg = Debug|Win32
		{23FE8B1C-5DA9-46F9-8956-496E8876D51B}.Debug|x86.Build.0 = Debug|Win32
		{23FE8B1C-5DA9-46F9-8956-496E8876D51B}.Release|x64.ActiveCfg = Release|x64
		{23FE8B1C-5DA9-46F9-8956-496E8876D51B}.Release|x64.Build.0 = Release|x64
		{23FE8B1C-5DA9-46F9-8956-496E8876D51B}.Release|x86.ActiveCfg = Release|Win32
		{23FE8B1C-5DA9-46F9-8956-496E8876D51B}.Release|x86.Build.0 = Release|Win32
		{FD8BB4F3-048E-4CC1-A10C-7B09D2BDA7E0}.Debug|x64.ActiveCfg = Debug|x64
		{FD8BB4F3-048E-4CC1-A10C-7B09D2BDA7E0}.Debug|x64.Build.0 = Debug|x64
		{FD8BB4F3-048E-4CC1-A10C-7B09D2BDA7E0}.Debug|x86.ActiveCfg = Debug|Win32
		{FD8BB4F3-048E-4CC1-A10C-7B09D2BDA7E0}.Debug|x86.Build.0 = Debug|Win32
		{FD8BB4F3-048E-4CC1-A10C-7B09D2BDA7E0}.Release|x64.ActiveCfg = Release|x64
		{FD8BB4F3-048E-4CC1-A10C-7B09D2BDA7E0}.Release|x64.Build.0 = Release|x64
		{FD8BB4F3-048E-4CC1-A10C-7B09D2BDA7E0}.Release|x86.ActiveCfg = Release|Win32
		{FD8BB4F3-048E-4CC1-A10C-7B09D2BDA7E0}.Release|x86.Build.0 = Release|Win32
		{80AF7182-91D9-4315-A48E-B3FA10E52A13}.Debug|x64.ActiveCfg = Debug|x64
		{80AF7182-91D9-4315-A48E-B3FA10E52A13}.Debug|x64.Build.0 = Debug|x64
		{80AF7182-91D9-4315-A48E-B3FA10E52A13}.Debug|x86.ActiveCfg = Debug|Win32
		{80AF7182-91D9-4315-A48E-B3FA10E52A13}.Debug|x86.Build.0 = Debug|Win32
		{80AF7182-91D9-4315-A48E-B3FA10E52A13}.Release|x64.ActiveCfg = Release|x64
		{80AF7182-91D9-4315-A48E-B3FA10E52A13}.Release|x64.Build.0 = Release|x64
		{80AF7182-91D9-4315-A48E-B3FA10E52A13}.Release|x86.ActiveCfg = Release|Win32
		{80AF7182-91D9-4315-A48E-B3FA10E52A13}.Release|x86.Build.0 = Release|Win32
		{5E197F1A-ECB1-43BE-9AED-0A9FFCEE0E4E}.Debug|x64.ActiveCfg = Debug|x64
		{5E197F1A-ECB1-43BE-9AED-0A9FFCEE0E4E}.Debug|x64.Build.0 = Debug|x64
		{5E197F1A-ECB1-43BE-9AED-0A9FFCEE0E4E}.Debug|x86.ActiveCfg = Debug|Win32
		{5E197F1A-ECB1-43BE-9AED-0A9FFCEE0E4E}.Debug|x86.Build.0 = Debug|Win32
		{5E197F1A-ECB1-43BE-9AED-0A9FFCEE0E4E}.Release|x64.ActiveCfg = Release|x64
		{5E197F1A-ECB1-43BE-9AED-0A9FFCEE0E4E}.Release|x64.Build.0 = Release|x64
		{5E197F1A-ECB1-43BE-9AED-0A9FFCEE0E4E}.Release|x86.ActiveCfg = Release|Win32
		{5E197F1A-ECB1-43BE-9AED-0A9FFCEE0E4E}.Release|x86.Build.0 = Release|Win32
		{3A081EFF-7FC1-4AC0-B255-CE9E05320A43}.Debug|x64.ActiveCfg = Debug|x64
		{3A081EFF-7FC1-4AC0-B255-CE9E05320A43}.Debug|x64.Build.0 = Debug|x64
		{3A081EFF-7FC1-4AC0-B255-CE9E05320A43}.Debug|x86.ActiveCfg = Debug|Win32
		{3A081EFF-7FC1-4AC0-B255-CE9E05320A43}.Debug|x86.Build.0 = Debug|Win32
		{3A081EFF-7FC1-4AC0-B255-CE9E05320A43}.Release|x64.ActiveCfg = Release|x64
		{3A081EFF-7FC1-4AC0-B255-CE9E05320A43}.Release|x64.Build.0 = Release|x64
		{3A081EFF-7FC1-4AC0-B255-CE9E05320A43}.Release|x86.ActiveCfg = Release|Win32
		{3A081EFF-7FC1-4AC0-B255-CE9E05320A43}.Release|x86.Build.0 = Release|Win32
		{FAECDC37-7E7D-43CD-878D-DB0ED249A9AE}.Debug|x64.ActiveCfg = Debug|x64
		{FAECDC37-7E7D-43CD-878D-DB0ED249A9AE}.Debug|x64.Build.0 = Debug|x64
		{FAECDC37-7E7D-43CD-878D-DB0ED249A9AE}.Debug|x86.ActiveCfg = Debug|Win32
		{FAECDC37-7E7D-43CD-878D-DB0ED249A9AE}.Debug|x86.Build.0 = Debug|Win32
		{FAECDC37-7E7D-43CD-878D-DB0ED249A9AE}.Release|x64.ActiveCfg = Release|x64
		{FAECDC37-7E7D-43CD-878D-DB0ED249A9AE}.Release|x64.Build.0 = Release|x64
		{FAECDC37-7E7D-43CD-878D-DB0ED249A9AE}.Release|x86.ActiveCfg = Release|Win32
		{FAECDC37-7E7D-43CD-878D-DB0ED249A9AE}.Release|x86.Build.0 = Release|Win32
		{BE41B456-2A72-41D8-B72F-CB664074D86A}.Debug|x64.ActiveCfg = Debug|x64
		{BE41B456-2A72-41D8-B72F-CB664074D86A}.Debug|x64.Build.0 = Debug|x64
		{BE41B456-2A72-41D8-B72F-CB664074D86A}.Debug|x86.ActiveCfg = Debug|Win32
		{BE41B456-2A72-41D8-B72F-CB664074D86A}.Debug|x86.Build.0 = Debug|Win32
		{BE41B456-2A72-41D8-B72F-CB664074D86A}.Release|x64.ActiveCfg = Release|x64
		{BE41B456-2A72-41D8-B72F-CB664074D86A}.Release|x64.Build.0 = Release|x64
		{BE41B456-2A72-41D8-B72F-CB664074D86A}.Release|x86.ActiveCfg = Release|Win32
		{BE41B456-2A72-41D8-B72F-CB664074D86A}.Release|x86.Build.0 = Release|Win32
		{3C586836-3EB3-43D8-B996-7C5AF262670D}.Debug|x64.ActiveCfg = Debug|x64
		{3C586836-3EB3-43D8-B996-7C5AF262670D}.Debug|x64.Build.0 = Debug|x64
		{3C586836-3EB3-43D8-B996-7C5AF262670D}.Debug|x86.ActiveCfg = Debug|Win32
		{3C586836-3EB3-43D8-B996-7C5AF262670D}.Debug|x86.Build.0 = Debug|Win32
		{3C586836-3EB3-43D8-B996-7C5AF262670D}.Release|x64.ActiveCfg = Release|x64
		{3C586836-3EB3-43D8-B996-7C5AF262670D}.Release|x64.Build.0 = Release|x64
		{3C586836-3EB3-43D8-B996-7C5AF262670D}.Release|x86.ActiveCfg = Release|Win32
		{3C586836-3EB3-43D8-B996-7C5AF262670D}.Release|x86.Build.0 = Release|Win32
		{E2BC587C-B3EB-4BD8-97FA-0D7CAFE845F3}.Debug|x64.ActiveCfg = Debug|x64
		{E2BC587C-B3EB-4BD8-97FA-0D7CAFE845F3}.Debug|x64.Build.0 = Debug|x64
		{E2BC587C-B3EB-4BD8-97FA-0D7CAFE845F3}.Debug|x86.ActiveCfg = Debug|Win32
		{E2BC587C-B3EB-4BD8-97FA-0D7CAFE845F3}.Debug|x86.Build.0 = Debug|Win32
		{E2BC587C-B3EB-4BD8-97FA-0D7CAFE845F3}.Release|x64.ActiveCfg = Release|x64
		{E2BC587C-B3EB-4BD8-97FA-0D7CAFE845F3}.Release|x64.Build.0 = Release|x64
		{E2BC587C-B3EB-4BD8-97FA-0D7CAFE845F3}.Release|x86.ActiveCfg = Release|Win32
		{E2BC587C-B3EB-4BD8-97FA-0D7CAFE845F3}.Release|x86.Build.0 = Release|Win32
		{627122D5-9338-487D-A3CB-1DE5F2BA511F}.Debug|x64.ActiveCfg = Debug|x64
		{627122D5-9338-487D-A3CB-1DE5F2BA511F}.Debug|x64.Build.0 = Debug|x64
		{627122D5-9338-487D-A3CB-1DE5F2BA511F}.Debug|x86.ActiveCfg = Debug|Win32
		{627122D5-9338-487D-A3CB-1DE5F2BA511F}.Debug|x86.Build.0 = Debug|Win32
		{627122D5-9338-487D-A3CB-1DE5F2BA511F}.Release|x64.ActiveCfg = Release|x64
		{627122D5-9338-487D-A3CB-1DE5F2BA511F}.Release|x64.Build.0 = Release|x64
		{627122D5-9338-487D-A3CB-1DE5F2BA511F}.Release|x86.ActiveCfg = Release|Win32
		{627122D5-9338-487D-A3CB-1DE5F2BA511F}.Release|x86.Build.0 = Release|Win32
		{7F8DF522-D377-4640-A38F-0554BAEECA4F}.Debug|x64.ActiveCfg = Debug|x64
		{7F8DF522-D377-4640-A38F-0554BAEECA4F}.Debug|x64.Build.0 = Debug|x64
		{7F8DF522-D377-4640-A38F-0554BAEECA4F}.Debug|x86.ActiveCfg = Debug|Win32
		{7F8DF522-D377-4640-A38F-0554BAEECA4F}.Debug|x86.Build.0 = Debug|Win32
		{7F8DF522-D377-4640-A38F-0554BAEECA4F}.Release|x64.ActiveCfg = Release|x64
		{7F8DF522-D377-4640-A38F-0554BAEECA4F}.Release|x64.Build.0 = Release|x64
		{7F8DF522-D377-4640-A38F-0554BAEECA4F}.Release|x86.ActiveCfg = Release|Win32
		{7F8DF522-D377-4640-A38F-0554BAEECA4F}.Release|x86.Build.0 = Release|Win32
		{F8DACE39-79D6-416C-9829-4F0EAB26DAA4}.Debug|x64.ActiveCfg = Debug|x64
		{F8DACE39-79D6-416C-9829-4F0EAB26DAA4}.Debug|x64.Build.0 = Debug|x64
		{F8DACE39-79D6-416C-9829-4F0EAB26DAA4}.Debug|x86.ActiveCfg = Debug|Win32
		{F8DACE39-79D6-416C-9829-4F0EAB26DAA4}.Debug|x86.Build.0 = Debug|Win32
		{F8DACE39-79D6-416C-9829-4F0EAB26DAA4}.Release|x64.ActiveCfg = Release|x64
		{F8DACE39-79D6-416C-9829-4F0EAB26DAA4}.Release|x64.Build.0 = Release|x64
		{F8DACE39-79D6-416C-9829-4F0EAB26DAA4}.Release|x86.ActiveCfg = Release|Win32
		{F8DACE39-79D6-416C-9829-4F0EAB26DAA4}.Release|x86.Build.0 = Release|Win32
		{9BCCF4BF-0051-4C82-9E61-5FD126D2DA48}.Debug|x64.ActiveCfg = Debug|x64
		{9BCCF4BF-0051-4C82-9E61-5FD126D2DA48}.Debug|x64.Build.0 = Debug|x64
		{9BCCF4BF-0051-4C82-9E61-5FD126D2DA48}.Debug|x86.ActiveCfg = Debug|Win32
		{9BCCF4BF-0051-4C82-9E61-5FD126D2DA48}.Debug|x86.Build.0 = Debug|Win32
		{9BCCF4BF-0051-4C82-9E61-5FD126D2DA48}.Release|x64.ActiveCfg = Release|x64
		{9BCCF4BF-0051-4C82-9E61-5FD126D2DA48}.Release|x64.Build.0 = Release|x64
		{9BCCF4BF-0051-4C82-9E61-5FD126D2DA48}.Release|x86.ActiveCfg = Release|Win32
		{9BCCF4BF-0051-4C82-9E61-5FD126D2DA48}.Release|x86.Build.0 = Release|Win32
		{E0251B5A-2051-486E-80A4-6D819196E63F}.Debug|x64.ActiveCfg = Debug|x64
		{E0251B5A-2051-486E-80A4-6D819196E63F}.Debug|x64.Build.0 = Debug|x64
		{E0251B5A-2051-486E-80A4-6D819196E63F}.Debug|x86.ActiveCfg = Debug|Win32
		{E0251B5A-2051-486E-80A4-6D819196E63F}.Debug|x86.Build.0 = Debug|Win32
		{E0251B5A-2051-486E-80A4-6D819196E63F}.Release|x64.ActiveCfg = Release|x64
		{E0251B5A-2051-486E-80A4-6D819196E63F}.Release|x64.Build.0 = Release|x64
		{E0251B5A-2051-486E-80A4-6D819196E63F}.Release|x86.ActiveCfg = Release|Win32
		{E0251B5A-2051-486E-80A4-6D819196E63F}.Release|x86.Build.0 = Release|Win32
		{32C43DF4-0FCF-47D7-AB51-C6DADEF7EF6F}.Debug|x64.ActiveCfg = Debug|x64
		{32C43DF4-0FCF-47D7-AB51-C6DADEF7EF6F}.Debug|x64.Build.0 = Debug|x64
		{32C43DF4-0FCF-47D7-AB51-C6DADEF7EF6F}.Debug|x86.ActiveCfg = Debug|Win32
		{32C43DF4-0FCF-47D7-AB51-C6DADEF7EF6F}.Debug|x86.Build.0 = Debug|Win32
		{32C43DF4-0FCF-47D7-AB51-C6DADEF7EF6F}.Release|x64.ActiveCfg = Release|x64
		{32C43DF4-0FCF-47D7-AB51-C6DADEF7EF6F}.Release|x64.Build.0 = Release|x64
		{32C43DF4-0FCF-47D7-AB51-C6DADEF7EF6F}.Release|x86.ActiveCfg = Release|Win32
		{32C43DF4-0FCF-47D7-AB51-C6DADEF7EF6F}.Release|x86.Build.0 = Release|Win32
		{0A1DB3B5-C435-4868-8075-F13CB98C5386}.Debug|x64.ActiveCfg = Debug|x64
		{0A1DB3B5-C435-4868-8075-F13CB98C5386}.Debug|x64.Build.0 = Debug|x64
		{0A1DB3B5-C435-4868-8075-F13CB98C5386}.Debug|x86.ActiveCfg = Debug|Win32
		{0A1DB3B5-C435-4868-8075-F13CB98C5386}.Debug|x86.Build.0 = Debug|Win32
		{0A1DB3B5-C435-4868-8075-F13CB98C5386}.Release|x64.ActiveCfg = Release|x64
		{0A1DB3B5-C435-4868-8075-F13CB98C5386}.Release|x64.Build.0 = Release|x64
		{0A1DB3B5-C435-4868-8075-F13CB98C5386}.Release|x86.ActiveCfg = Release|Win32
		{0A1DB3B5-C435-4868-8075-F13CB98C5386}.Release|x86.Build.0 = Release|Win32
		{2743AAFB-0452-4EE5-BB5B-1E61AD095D56}.Debug|x64.ActiveCfg = Debug|x64
		{2743AAFB-0452-4EE5-BB5B-1E61AD095D56}.Debug|x64.Build.0 = Debug|x64
		{2743AAFB-0452-4EE5-BB5B-1E61AD095D56}.Debug|x86.ActiveCfg = Debug|Win32
		{2743AAFB-0452-4EE5-BB5B-1E61AD095D56}.Debug|x86.Build.0 = Debug|Win32
		{2743AAFB-0452-4EE5-BB5B-1E61AD095D56}.Release|x64.ActiveCfg = Release|x64
		{2743AAFB-0452-4EE5-BB5B-1E61AD095D56}.Release|x64.Build.0 = Release|x64
		{2743AAFB-0452-4EE5-BB5B-1E61AD095D56}.Release|x86.ActiveCfg = Release|Win32
		{2743AAFB-0452-4EE5-BB5B-1E61AD095D56}.Release|x86.Build.0 = Release|Win32
		{DBCF228B-4515-43EA-8271-56918A17DC06}.Debug|x64.ActiveCfg = Debug|x64
		{DBCF228B-4515-43EA-8271-56918A17DC06}.Debug|x64.Build.0 = Debug|x64
		{DBCF228B-4515-43EA-8271-56918A17DC06}.Debug|x86.ActiveCfg = Debug|Win32
		{DBCF228B-4515-43EA-8271-56918A17DC06}.Debug|x86.Build.0 = Debug|Win32
		{DBCF228B-4515-43EA-8271-56918A17DC06}.Release|x64.ActiveCfg = Release|x64
		{DBCF228B-4515-43EA-8271-56918A17DC06}.Release|x64.Build.0 = Release|x64
		{DBCF228B-4515-43EA-8271-56918A17DC06}.Release|x86.ActiveCfg = Release|Win32
		{DBCF228B-4515-43EA-8271-56918A17DC06}.Release|x86.Build.0 = Release|Win32
		{E31902CE-1A80-43E1-BDBC-DC9CDFF92084}.Debug|x64.ActiveCfg = Debug|x64
		{E31902CE-1A80-43E1-BDBC-DC9CDFF92084}.Debug|x64.Build.0 = Debug|x64
		{E31902CE-1A80-43E1-BDBC-DC9CDFF92084}.Debug|x86.ActiveCfg = Debug|Win32
		{E31902CE-1A80-43E1-BDBC-DC9CDFF92084}.Debug|x86.Build.0 = Debug|Win32
		{E31902CE-1A80-43E1-BDBC-DC9CDFF92084}.Release|x64.ActiveCfg = Release|x64
		{E31902CE-1A80-43E1-BDBC-DC9CDFF92084}.Release|x64.Build.0 = Release|x64
		{E31902CE-1A80-43E1-BDBC-DC9CDFF92084}.Release|x86.ActiveCfg = Release|Win32
		{E31902CE-1A80-43E1-BDBC-DC9CDFF92084}.Release|x86.Build.0 = Release|Win32
		{68A2C0CD-B86A-4677-A0BB-B5E00DA5AA1F}.Debug|x64.ActiveCfg = Debug|x64
		{68A2C0CD-B86A-4677-A0BB-B5E00DA5AA1F}.Debug|x64.Build.0 = Debug|x64
		{68A2C0CD-B86A-4677-A0BB-B5E00DA5AA1F}.Debug|x86.ActiveCfg = Debug|Win32
		{68A2C0CD-B86A-4677-A0BB-B5E00DA5AA1F}.Debug|x86.Build.0 = Debug|Win32
		{68A2C0CD-B86A-4677-A0BB-B5E00DA5AA1F}.Release|x64.ActiveCfg = Release|x64
		{68A2C0CD-B86A-4677-A0BB-B5E00DA5AA1F}.Release|x64.Build.0 = Release|x64
		{68A2C0CD-B86A-4677-A0BB-B5E00DA5AA1F}.Release|x86.ActiveCfg = Release|Win32
		{68A2C0CD-B86A-4677-A0BB-B5E00DA5AA1F}.Release|x86.Build.0 = Release|Win32
		{E38611DF-F984-4396-8E36-462C28D33570}.Debug|x64.ActiveCfg = Debug|x64
		{E38611DF-F984-4396-8E36-462C28D33570}.Debug|x64.Build.0 = Debug|x64
		{E38611DF-F984-4396-8E36-462C28D33570}.Debug|x86.ActiveCfg = Debug|Win32
		{E38611DF-F984-4396-8E36-462C28D33570}.Debug|x86.Build.0 = Debug|Win32
		{E38611DF-F984-4396-8E36-462C28D33570}.Release|x64.ActiveCfg = Release|x64
		{E38611DF-F984-4396-8E36-462C28D33570}.Release|x64.Build.0 = Release|x64
		{E38611DF-F984-4396-8E36-462C28D33570}.Release|x86.ActiveCfg = Release|Win32
		{E38611DF-F984-4396-8E36-462C28D33570}.Release|x86.Build.0 = Release|Win32
		{0DE3DD78-D83F-454B-99E7-42789F5B24C3}.Debug|x64.ActiveCfg = Debug|x64
		{0DE3DD78-D83F-454B-99E7-42789F5B24C3}.Debug|x64.Build.0 = Debug|x64
		{0DE3DD78-D83F-454B-99E7-42789F5B24C3}.Debug|x86.ActiveCfg = Debug|Win32
		{0DE3DD78-D83F-454B-99E7-42789F5B24C3}.Debug|x86.Build.0 = Debug|Win32
		{0DE3DD78-D83F-454B-99E7-42789F5B24C3}.Release|x64.ActiveCfg = Release|x64
		{0DE3DD78-D83F-454B-99E7-42789F5B24C3}.Release|x64.Build.0 = Release|x64
		{0DE3DD78-D83F-454B-99E7-42789F5B24C3}.Release|x86.ActiveCfg = Release|Win32
		{0DE3DD78-D83F-454B-99E7-42789F5B24C3}.Release|x86.Build.0 = Release|Win32
		{21E6D599-803F-4188-A535-6392795A4413}.Debug|x64.ActiveCfg = Debug|x64
		{21E6D599-803F-4188-A535-6392795A4413}.Debug|x64.Build.0 = Debug|x64
		{21E6D599-803F-4188-A535-6392795A4413}.Debug|x86.ActiveCfg = Debug|Win32
		{21E6D599-803F-4188-A535-6392795A4413}.Debug|x86.Build.0 = Debug|Win32
		{21E6D599-803F-4188-A535-6392795A4413}.Release|x64.ActiveCfg = Release|x64
		{21E6D599-803F-4188-A535-6392795A4413}.Release|x64.Build.0 = Release|x64
		{21E6D599-803F-4188-A535-6392795A4413}.Release|x86.ActiveCfg = Release|Win32
		{21E6D599-803F-4188-A535-6392795A4413}.Release|x86.Build.0 = Release|Win32
		{474D74E5-A726-4032-9DA7-94A9998D10B2}.Debug|x64.ActiveCfg = Debug|x64
		{474D74E5-A726-4032-9DA7-94A9998D10B2}.Debug|x64.Build.0 = Debug|x64
		{474D74E5-A726-4032-9DA7-94A9998D10B2}.Debug|x86.ActiveCfg = Debug|Win32
		{474D74E5-A726-4032-9DA7-94A9998D10B2}.Debug|x86.Build.0 = Debug|Win32
		{474D74E5-A726-4032-9DA7-94A9998D10B2}.Release|x64.ActiveCfg = Release|x64
		{474D74E5-A726-4032-9DA7-94A9998D10B2}.Release|x64.Build.0 = Release|x64
		{474D74E5-A726-4032-9DA7-94A9998D10B2}.Release|x86.ActiveCfg = Release|Win32
		{474D74E5-A726-4032-9DA7-94A9998D10B2}.Release|x86.Build.0 = Release|Win32
		{EAE12EF6-72CB-46E1-B4E8-F82BC740EA50}.Debug|x64.ActiveCfg = Debug|x64
		{EAE12EF6-72CB-46E1-B4E8-F82BC740EA50}.Debug|x64.Build.0 = Debug|x64
		{EAE12EF6-72CB-46E1-B4E8-F82BC740EA50}.Debug|x86.ActiveCfg = Debug|Win32
		{EAE12EF6-72CB-46E1-B4E8-F82BC740EA50}.Debug|x86.Build.0 = Debug|Win32
		{EAE12EF6-72CB-46E1-B4E8-F82BC740EA50}.Release|x64.ActiveCfg = Release|x64
		{EAE12EF6-72CB-46E1-B4E8-F82BC740EA50}.Release|x64.Build.0 = Release|x64
		{EAE12EF6-72CB-46E1-B4E8-F82BC740EA50}.Release|x86.ActiveCfg = Release|Win32
		{EAE12EF6-72CB-46E1-B4E8-F82BC740EA50}.Release|x86.Build.0 = Release|Win32
		{76109E11-5DC3-452A-AA49-1BB93A14AC3F}.Debug|x64.ActiveCfg = Debug|x64
		{76109E11-5DC3-452A-AA49-1BB93A14AC3F}.Debug|x64.Build.0 = Debug|x64
		{76109E11-5DC3-452A-AA49-1BB93A14AC3F}.Debug|x86.ActiveCfg = Debug|Win32
		{76109E11-5DC3-452A-AA49-1BB93A14AC3F}.Debug|x86.Build.0 = Debug|Win32
		{76109E11-5DC3-452A-AA49-1BB93A14AC3F}.Release|x64.ActiveCfg = Release|x64
		{76109E11-5DC3-452A-AA49-1BB93A14AC3F}.Release|x64.Build.0 = Release|x64
		{76109E11-5DC3-452A-AA49-1BB93A14AC3F}.Release|x86.ActiveCfg = Release|Win32
		{76109E11-5DC3-452A-AA49-1BB93A14AC3F}.Release|x86.Build.0 = Release|Win32
		{D9D39690-84AE-47AD-8BCB-77D5F89DC819}.Debug|x64.ActiveCfg = Debug|x64
		{D9D39690-84AE-47AD-8BCB-77D5F89DC819}.Debug|x64.Build.0 = Debug|x64
		{D9D39690-84AE-47AD-8BCB-77D5F89DC819}.Debug|x86.ActiveCfg = Debug|Win32
		{D9D39690-84AE-47AD-8BCB-77D5F89DC819}.Debug|x86.Build.0 = Debug|Win32
		{D9D39690-84AE-47AD-8BCB-77D5F89DC819}.Release|x64.ActiveCfg = Release|x64
		{D9D39690-84AE-47AD-8BCB-77D5F89DC819}.Release|x64.Build.0 = Release|x64
		{D9D39690-84AE-47AD-8BCB-77D5F89DC819}.Release|x86.ActiveCfg = Release|Win32
		{D9D39690-84AE-47AD-8BCB-77D5F89DC819}.Release|x86.Build.0 = Release|Win32
		{B6ED35A7-9623-4F18-B64B-4953C65243CC}.Debug|x64.ActiveCfg = Debug|x64
		{B6ED35A7-9623-4F18-B64B-4953C65243CC}.Debug|x64.Build.0 = Debug|x64
		{B6ED35A7-9623-4F18-B64B-4953C65243CC}.Debug|x86.ActiveCfg = Debug|Win32
		{B6ED35A7-9623-4F18-B64B-4953C65243CC}.Debug|x86.Build.0 = Debug|Win32
		{B6ED35A7-9623-4F18-B64B-4953C65243CC}.Release|x64.ActiveCfg = Release|x64
		{B6ED35A7-9623-4F18-B64B-4953C65243CC}.Release|x64.Build.0 = Release|x64
		{B6ED35A7-9623-4F18-B64B-4953C65243CC}.Release|x86.ActiveCfg = Release|Win32
		{B6ED35A7-9623-4F18-B64B-4953C65243CC}.Release|x86.Build.0 = Release|Win32
		{45ADB369-2592-43C6-855A-D69F107FD297}.Debug|x64.ActiveCfg = Debug|x64
		{45ADB369-2592-43C6-855A-D69F107FD297}.Debug|x64.Build.0 = Debug|x64
		{45ADB369-2592-43C6-855A-D69F107FD297}.Debug|x86.ActiveCfg = Debug|Win32
		{45ADB369-2592-43C6-855A-D69F107FD297}.Debug|x86.Build.0 = Debug|Win32
		{45ADB369-2592-43C6-855A-D69F107FD297}.Release|x64.ActiveCfg = Release|x64
		{45ADB369-2592-43C6-855A-D69F107FD297}.Release|x64.Build.0 = Release|x64
		{45ADB369-2592-43C6-855A-D69F107FD297}.Release|x86.ActiveCfg = Release|Win32
		{45ADB369-2592-43C6-855A-D69F107FD297}.Release|x86.Build.0 = Release|Win32
		{EDE7E660-CD30-4349-B519-DB9C343343BF}.Debug|x64.ActiveCfg = Debug|x64
		{EDE7E660-CD30-4349-B519-DB9C343343BF}.Debug|x64.Build.0 = Debug|x64
		{EDE7E660-CD30-4349-B519-DB9C343343BF}.Debug|x86.ActiveCfg = Debug|Win32
		{EDE7E660-CD30-4349-B519-DB9C343343BF}.Debug|x86.Build.0 = Debug|Win32
		{EDE7E660-CD30-4349-B519-DB9C343343BF}.Release|x64.ActiveCfg = Release|x64
		{EDE7E660-CD30-4349-B519-DB9C343343BF}.Release|x64.Build.0 = Release|x64
		{EDE7E660-CD30-4349-B519-DB9C343343BF}.Release|x86.ActiveCfg = Release|Win32
		{EDE7E660-CD30-4349-B519-DB9C343343BF}.Release|x86.Build.0 = Release|Win32
		{132876B3-C48D-41AB-B505-E71B9782550A}.Debug|x64.ActiveCfg = Debug|x64
		{132876B3-C48D-41AB-B505-E71B9782550A}.Debug|x64.Build.0 = Debug|x64
		{132876B3-C48D-41AB-B505-E71B9782550A}.Debug|x86.ActiveCfg = Debug|Win32
		{132876B3-C48D-41AB-B505-E71B9782550A}.Debug|x86.Build.0 = Debug|Win32
		{132876B3-C48D-41AB-B505-E71B9782550A}.Release|x64.ActiveCfg = Release|x64
		{132876B3-C48D-41AB-B505-E71B9782550A}.Release|x64.Build.0 = Release|x64
		{132876B3-C48D-41AB-B505-E71B9782550A}.Release|x86.ActiveCfg = Release|Win32
		{132876B3-C48D-41AB-B505-E71B9782550A}.Release|x86.Build.0 = Release|Win32
		{E2250E83-359D-4AC7-935C-4ECEB82BB269}.Debug|x64.ActiveCfg = Debug|x64
		{E2250E83-359D-4AC7-935C-4ECEB82BB269}.Debug|x64.Build.0 = Debug|x64
		{E2250E83-359D-4AC7-935C-4ECEB82BB269}.Debug|x86.ActiveCfg = Debug|Win32
		{E2250E83-359D-4AC7-935C-4ECEB82BB269}.Debug|x86.Build.0 = Debug|Win32
		{E2250E83-359D-4AC7-935C-4ECEB82BB269}.Release|x64.ActiveCfg = Release|x64
		{E2250E83-359D-4AC7-935C-4ECEB82BB269}.Release|x64.Build.0 = Release|x64
		{E2250E83-359D-4AC7-935C-4ECEB82BB269}.Release|x86.ActiveCfg = Release|Win32
		{E2250E83-359D-4AC7-935C-4ECEB82BB269}.Release|x86.Build.0 = Release|Win32
		{133C572C-E998-41AE-9E81-D0EB5B8C6CE0}.Debug|x64.ActiveCfg = Debug|x64
		{133C572C-E998-41AE-9E81-D0EB5B8C6CE0}.Debug|x64.Build.0 = Debug|x64
		{133C572C-E998-41AE-9E81-D0EB5B8C6CE0}.Debug|x86.ActiveCfg = Debug|Win32
		{133C572C-E998-41AE-9E81-D0EB5B8C6CE0}.Debug|x86.Build.0 = Debug|Win32
		{133C572C-E998-41AE-9E81-D0EB5B8C6CE0}.Release|x64.ActiveCfg = Release|x64
		{133C572C-E998-41AE-9E81-D0EB5B8C6CE0}.Release|x64.Build.0 = Release|x64
		{133C572C-E998-41AE-9E81-D0EB5B8C6CE0}.Release|x86.ActiveCfg = Release|Win32
		{133C572C-E998-41AE-9E81-D0EB5B8C6CE0}.Release|x86.Build.0 = Release|Win32
		{0317ABD6-6D76-42A1-930C-C7BE12C2B4DD}.Debug|x64.ActiveCfg = Debug|x64
		{0317ABD6-6D76-42A1-930C-C7BE12C2B4DD}.Debug|x64.Build.0 = Debug|x64
		{0317ABD6-6D76-42A1-930C-C7BE12C2B4DD}.Debug|x86.ActiveCfg = Debug|Win32
		{0317ABD6-6D76-42A1-930C-C7BE12C2B4DD}.Debug|x86.Build.0 = Debug|Win32
		{0317ABD6-6D76-42A1-930C-C7BE12C2B4DD}.Release|x64.ActiveCfg = Release|x64
		{0317ABD6-6D76-42A1-930C-C7BE12C2B4DD}.Release|x64.Build.0 = Release|x64
		{0317ABD6-6D76-42A1-930C-C7BE12C2B4DD}.Release|x86.ActiveCfg = Release|Win32
		{0317ABD6-6D76-42A1-930C-C7BE12C2B4DD}.Release|x86.Build.0 = Release|Win32
		{7BBC8F76-1A8A-4E11-B0CC-D69232E94935}.Debug|x64.ActiveCfg = Debug|x64
		{7BBC8F76-1A8A-4E11-B0CC-D69232E94935}.Debug|x64.Build.0 = Debug|x64
		{7BBC8F76-1A8A-4E11-B0CC-D69232E94935}.Debug|x86.ActiveCfg = Debug|Win32
		{7BBC8F76-1A8A-4E11-B0CC-D69232E94935}.Debug|x86.Build.0 = Debug|Win32
		{7BBC8F76-1A8A-4E11-B0CC-D69232E94935}.Release|x64.ActiveCfg = Release|x64
		{7BBC8F76-1A8A-4E11-B0CC-D69232E94935}.Release|x64.Build.0 = Release|x64
		{7BBC8F76-1A8A-4E11-B0CC-D69232E94935}.Release|x86.ActiveCfg = Release|Win32
		{7BBC8F76-1A8A-4E11-B0CC-D69232E94935}.Release|x86.Build.0 = Release|Win32
		{E20F7564-D305-4CAD-AAA2-0B312A3158EF}.Debug|x64.ActiveCfg = Debug|x64
		{E20F7564-D305-4CAD-AAA2-0B312A3158EF}.Debug|x64.Build.0 = Debug|x64
		{E20F7564-D305-4CAD-AAA2-0B312A3158EF}.Debug|x86.ActiveCfg = Debug|Win32
		{E20F7564-D305-4CAD-AAA2-0B312A3158EF}.Debug|x86.Build.0 = Debug|Win32
		{E20F7564-D305-4CAD-AAA2-0B312A3158EF}.Release|x64.ActiveCfg = Release|x64
		{E20F7564-D305-4CAD-AAA2-0B312A3158EF}.Release|x64.Build.0 = Release|x64
		{E20F7564-D305-4CAD-AAA2-0B312A3158EF}.Release|x86.ActiveCfg = Release|Win32
		{E20F7564-D305-4CAD-AAA2-0B312A3158EF}.Release|x86.Build.0 = Release|Win32
		{C27D9D2A-62CE-45AC-B52D-601CBA8F5582}.Debug|x64.ActiveCfg = Debug|x64
		{C27D9D2A-62CE-45AC-B52D-601CBA8F5582}.Debug|x64.Build.0 = Debug|x64
		{C27D9D2A-62CE-45AC-B52D-601CBA8F5582}.Debug|x86.ActiveCfg = Debug|Win32
		{C27D9D2A-62CE-45AC-B52D-601CBA8F5582}.Debug|x86.Build.0 = Debug|Win32
		{C27D9D2A-62CE-45AC-B52D-601CBA8F5582}.Release|x64.ActiveCfg = Release|x64
		{C27D9D2A-62CE-45AC-B52D-601CBA8F5582}.Release|x64.Build.0 = Release|x64
		{C27D9D2A-62CE-45AC-B52D-601CBA8F5582}.Release|x86.ActiveCfg = Release|Win32
		{C27D9D2A-62CE-45AC-B52D-601CBA8F5582}.Release|x86.Build.0 = Release|Win32
		{9BA30A88-CCC2-4F4F-8201-C03D2B29A383}.Debug|x64.ActiveCfg = Debug|x64
		{9BA30A88-CCC2-4F4F-8201-C03D2B29A383}.Debug|x64.Build.0 = Debug|x64
		{9BA30A88-CCC2-4F4F-8201-C03D2B29A383}.Debug|x86.ActiveCfg = Debug|Win32
		{9BA30A88-CCC2-4F4F-8201-C03D2B29A383}.Debug|x86.Build.0 = Debug|Win32
		{9BA30A88-CCC2-4F4F-8201-C03D2B29A383}.Release|x64.ActiveCfg = Release|x64
		{9BA30A88-CCC2-4F4F-8201-C03D2B29A383}.Release|x64.Build.0 = Release|x64
		{9BA30A88-CCC2-4F4F-8201-C03D2B29A383}.Release|x86.ActiveCfg = Release|Win32
		{9BA30A88-CCC2-4F4F-8201-C03D2B29A383}.Release|x86.Build.0 = Release|Win32
		{55C69FEA-81ED-489B-8C9F-715DA3E89465}.Debug|x64.ActiveCfg = Debug|x64
		{55C69FEA-81ED-489B-8C9F-715DA3E89465}.Debug|x64.Build.0 = Debug|x64
		{55C69FEA-81ED-489B-8C9F-715DA3E89465}.Debug|x86.ActiveCfg = Debug|Win32
		{55C69FEA-81ED-489B-8C9F-715DA3E89465}.Debug|x86.Build.0 = Debug|Win32
		{55C69FEA-81ED-489B-8C9F-715DA3E89465}.Release|x64.ActiveCfg = Release|x64
		{55C69FEA-81ED-489B-8C9F-715DA3E89465}.Release|x64.Build.0 = Release|x64
		{55C69FEA-81ED-489B-8C9F-715DA3E89465}.Release|x86.ActiveCfg = Release|Win32
		{55C69FEA-81ED-489B-8C9F-715DA3E89465}.Release|x86.Build.0 = Release|Win32
		{32429EBC-8B59-4337-8748-479D5CACF302}.Debug|x64.ActiveCfg = Debug|x64
		{32429EBC-8B59-4337-8748-479D5CACF302}.Debug|x64.Build.0 = Debug|x64
		{32429EBC-8B59-4337-8748-479D5CACF302}.Debug|x86.ActiveCfg = Debug|Win32
		{32429EBC-8B59-4337-8748-479D5CACF302}.Debug|x86.Build.0 = Debug|Win32
		{32429EBC-8B59-4337-8748-479D5CACF302}.Release|x64.ActiveCfg = Release|x64
		{32429EBC-8B59-4337-8748-479D5CACF302}.Release|x64.Build.0 = Release|x64
		{32429EBC-8B59-4337-8748-479D5CACF302}.Release|x86.ActiveCfg = Release|Win32
		{32429EBC-8B59-4337-8748-479D5CACF302}.Release|x86.Build.0 = Release|Win32
		{1D760F45-B0E3-435E-A9D9-1EC1955CD3C8}.Debug|x64.ActiveCfg = Debug|x64
		{1D760F45-B0E3-435E-A9D9-1EC1955CD3C8}.Debug|x64.Build.0 = Debug|x64
		{1D760F45-B0E3-435E-A9D9-1EC1955CD3C8}.Debug|x86.ActiveCfg = Debug|Win32
		{1D760F45-B0E3-435E-A9D9-1EC1955CD3C8}.Debug|x86.Build.0 = Debug|Win32
		{1D760F45-B0E3-435E-A9D9-1EC1955CD3C8}.Release|x64.ActiveCfg = Release|x64
		{1D760F45-B0E3-435E-A9D9-1EC1955CD3C8}.Release|x64.Build.0 = Release|x64
		{1D760F45-B0E3-435E-A9D9-1EC1955CD3C8}.Release|x86.ActiveCfg = Release|Win32
		{1D760F45-B0E3-435E-A9D9-1EC1955CD3C8}.Release|x86.Build.0 = Release|Win32
		{8E976E76-C22A-40A3-A63C-C25E8B744B14}.Debug|x64.ActiveCfg = Debug|x64
		{8E976E76-C22A-40A3-A63C-C25E8B744B14}.Debug|x64.Build.0 = Debug|x64
		{8E976E76-C22A-40A3-A63C-C25E8B744B14}.Debug|x86.ActiveCfg = Debug|Win32
		{8E976E76-C22A-40A3-A63C-C25E8B744B14}.Debug|x86.Build.0 = Debug|Win32
		{8E976E76-C22A-40A3-A63C-C25E8B744B14}.Release|x64.ActiveCfg = Release|x64
		{8E976E76-C22A-40A3-A63C-C25E8B744B14}.Release|x64.Build.0 = Release|x64
		{8E976E76-C22A-40A3-A63C-C25E8B744B14}.Release|x86.ActiveCfg = Release|Win32
		{8E976E76-C22A-40A3-A63C-C25E8B744B14}.Release|x86.Build.0 = Release|Win32
		{5FA547ED-0E4D-442F-A537-FF41656F6109}.Debug|x64.ActiveCfg = Debug|x64
		{5FA547ED-0E4D-442F-A537-FF41656F6109}.Debug|x64.Build.0 = Debug|x64
		{5FA547ED-0E4D-442F-A537-FF41656F6109}.Debug|x86.ActiveCfg = Debug|Win32
		{5FA547ED-0E4D-442F-A537-FF41656F6109}.Debug|x86.Build.0 = Debug|Win32
		{5FA547ED-0E4D-442F-A537-FF41656F6109}.Release|x64.ActiveCfg = Release|x64
		{5FA547ED-0E4D-442F-A537-FF41656F6109}.Release|x64.Build.0 = Release|x64
		{5FA547ED-0E4D-442F-A537-FF41656F6109}.Release|x86.ActiveCfg = Release|Win32
		{5FA547ED-0E4D-442F-A537-FF41656F6109}.Release|x86.Build.0 = Release|Win32
		{021E8267-2FEA-462D-947E-EA77C08C4555}.Debug|x64.ActiveCfg = Debug|x64
		{021E8267-2FEA-462D-947E-EA77C08C4555}.Debug|x64.Build.0 = Debug|x64
		{021E8267-2FEA-462D-947E-EA77C08C4555}.Debug|x86.ActiveCfg = Debug|Win32
		{021E8267-2FEA-462D-947E-EA77C08C4555}.Debug|x86.Build.0 = Debug|Win32
		{021E8267-2FEA-462D-947E-EA77C08C4555}.Release|x64.ActiveCfg = Release|x64
		{021E8267-2FEA-462D-947E-EA77C08C4555}.Release|x64.Build.0 = Release|x64
		{021E8267-2FEA-462D-947E-EA77C08C4555}.Release|x86.ActiveCfg = Release|Win32
		{021E8267-2FEA-462D-947E-EA77C08C4555}.Release|x86.Build.0 = Release|Win32
		{1CE8A41E-D8A2-454D-BE2D-1D2DB8E21F2F}.Debug|x64.ActiveCfg = Debug|x64
		{1CE8A41E-D8A2-454D-BE2D-1D2DB8E21F2F}.Debug|x64.Build.0 = Debug|x64
		{1CE8A41E-D8A2-454D-BE2D-1D2DB8E21F2F}.Debug|x86.ActiveCfg = Debug|Win32
		{1CE8A41E-D8A2-454D-BE2D-1D2DB8E21F2F}.Debug|x86.Build.0 = Debug|Win32
		{1CE8A41E-D8A2-454D-BE2D-1D2DB8E21F2F}.Release|x64.ActiveCfg = Release|x64
		{1CE8A41E-D8A2-454D-BE2D-1D2DB8E21F2F}.Release|x64.Build.0 = Release|x64
		{1CE8A41E-D8A2-454D-BE2D-1D2DB8E21F2F}.Release|x86.ActiveCfg = Release|Win32
		{1CE8A41E-D8A2-454D-BE2D-1D2DB8E21F2F}.Release|x86.Build.0 = Release|Win32
		{EE5F1815-8F1E-4AB2-9019-79DEDF9D3C27}.Debug|x64.ActiveCfg = Debug|x64
		{EE5F1815-8F1E-4AB2-9019-79DEDF9D3C27}.Debug|x64.Build.0 = Debug|x64
		{EE5F1815-8F1E-4AB2-9019-79DEDF9D3C27}.Debug|x86.ActiveCfg = Debug|Win32
		{EE5F1815-8F1E-4AB2-9019-79DEDF9D3C27}.Debug|x86.Build.0 = Debug|Win32
		{EE5F1815-8F1E-4AB2-9019-79DEDF9D3C27}.Release|x64.ActiveCfg = Release|x64
		{EE5F1815-8F1E-4AB2-9019-79DEDF9D3C27}.Release|x64.Build.0 = Release|x64
		{EE5F1815-8F1E-4AB2-9019-79DEDF9D3C27}.Release|x86.ActiveCfg = Release|Win32
		{EE5F1815-8F1E-4AB2-9019-79DEDF9D3C27}.Release|x86.Build.0 = Release|Win32
		{42B4FDFD-7938-4CFE-B324-E817686F38C4}.Debug|x64.ActiveCfg = Debug|x64
		{42B4FDFD-7938-4CFE-B324-E817686F38C4}.Debug|x64.Build.0 = Debug|x64
		{42B4FDFD-7938-4CFE-B324-E817686F38C4}.Debug|x86.ActiveCfg = Debug|Win32
		{42B4FDFD-7938-4CFE-B324-E817686F38C4}.Debug|x86.Build.0 = Debug|Win32
		{42B4FDFD-7938-4CFE-B324-E817686F38C4}.Release|x64.ActiveCfg = Release|x64
		{42B4FDFD-7938-4CFE-B324-E817686F38C4}.Release|x64.Build.0 = Release|x64
		{42B4FDFD-7938-4CFE-B324-E817686F38C4}.Release|x86.ActiveCfg = Release|Win32
		{42B4FDFD-7938-4CFE-B324-E817686F38C4}.Release|x86.Build.0 = Release|Win32
		{47393917-DB36-4292-9DE3-9B881BBCF835}.Debug|x64.ActiveCfg = Debug|x64
		{47393917-DB36-4292-9DE3-9B881BBCF835}.Debug|x64.Build.0 = Debug|x64
		{47393917-DB36-4292-9DE3-9B881BBCF835}.Debug|x86.ActiveCfg = Debug|Win32
		{47393917-DB36-4292-9DE3-9B881BBCF835}.Debug|x86.Build.0 = Debug|Win32
		{47393917-DB36-4292-9DE3-9B881BBCF835}.Release|x64.ActiveCfg = Release|x64
		{47393917-DB36-4292-9DE3-9B881BBCF835}.Release|x64.Build.0 = Release|x64
		{47393917-DB36-4292-9DE3-9B881BBCF835}.Release|x86.ActiveCfg = Release|Win32
		{47393917-DB36-4292-9DE3-9B881BBCF835}.Release|x86.Build.0 = Release|Win32
		{0115D301-A41E-4A68-9A7C-6FC304ACECFB}.Debug|x64.ActiveCfg = Debug|x64
		{0115D301-A41E-4A68-9A7C-6FC304ACECFB}.Debug|x64.Build.0 = Debug|x64
		{0115D301-A41E-4A68-9A7C-6FC304ACECFB}.Debug|x86.ActiveCfg = Debug|Win32
		{0115D301-A41E-4A68-9A7C-6FC304ACECFB}.Debug|x86.Build.0 = Debug|Win32
		{0115D301-A41E-4A68-9A7C-6FC304ACECFB}.Release|x64.ActiveCfg = Release|x64
		{0115D301-A41E-4A68-9A7C-6FC304ACECFB}.Release|x64.Build.0 = Release|x64
		{0115D301-A41E-4A68-9A7C-6FC304ACECFB}.Release|x86.ActiveCfg = Release|Win32
		{0115D301-A41E-4A68-9A7C-6FC304ACECFB}.Release|x86.Build.0 = Release|Win32
		{03446DC4-28AD-4E32-BCAB-E66454A8955C}.Debug|x64.ActiveCfg = Debug|x64
		{03446DC4-28AD-4E32-BCAB-E66454A8955C}.Debug|x64.Build.0 = Debug|x64
		{03446DC4-28AD-4E32-BCAB-E66454A8955C}.Debug|x86.ActiveCfg = Debug|Win32
		{03446DC4-28AD-4E32-BCAB-E66454A8955C}.Debug|x86.Build.0 = Debug|Win32
		{03446DC4-28AD-4E32-BCAB-E66454A8955C}.Release|x64.ActiveCfg = Release|x64
		{03446DC4-28AD-4E32-BCAB-E66454A8955C}.Release|x64.Build.0 = Release|x64
		{03446DC4-28AD-4E32-BCAB-E66454A8955C}.Release|x86.ActiveCfg = Release|Win32
		{03446DC4-28AD-4E32-BCAB-E66454A8955C}.Release|x86.Build.0 = Release|Win32
		{15C775A4-C6BC-4C98-9F74-8708C9721897}.Debug|x64.ActiveCfg = Debug|x64
		{15C775A4-C6BC-4C98-9F74-8708C9721897}.Debug|x64.Build.0 = Debug|x64
		{15C775A4-C6BC-4C98-9F74-8708C9721897}.Debug|x86.ActiveCfg = Debug|Win32
		{15C775A4-C6BC-4C98-9F74-8708C9721897}.Debug|x86.Build.0 = Debug|Win32
		{15C775A4-C6BC-4C98-9F74-8708C9721897}.Release|x64.ActiveCfg = Release|x64
		{15C775A4-C6BC-4C98-9F74-8708C9721897}.Release|x64.Build.0 = Release|x64
		{15C775A4-C6BC-4C98-9F74-8708C9721897}.Release|x86.ActiveCfg = Release|Win32
		{15C775A4-C6BC-4C98-9F74-8708C9721897}.Release|x86.Build.0 = Release|Win32
		{7D84B290-2F24-4E79-8818-2B2E44C10F98}.Debug|x64.ActiveCfg = Debug|x64
		{7D84B290-2F24-4E79-8818-2B2E44C10F98}.Debug|x64.Build.0 = Debug|x64
		{7D84B290-2F24-4E79-8818-2B2E44C10F98}.Debug|x86.ActiveCfg = Debug|Win32
		{7D84B290-2F24-4E79-8818-2B2E44C10F98}.Debug|x86.Build.0 = Debug|Win32
		{7D84B290-2F24-4E79-8818-2B2E44C10F98}.Release|x64.ActiveCfg = Release|x64
		{7D84B290-2F24-4E79-8818-2B2E44C10F98}.Release|x64.Build.0 = Release|x64
		{7D84B290-2F24-4E79-8818-2B2E44C10F98}.Release|x86.ActiveCfg = Release|Win32
		{7D84B290-2F24-4E79-8818-2B2E44C10F98}.Release|x86.Build.0 = Release|Win32
		{60FA1808-A9AB-441C-803F-E80149002EAC}.Debug|x64.ActiveCfg = Debug|x64
		{60FA1808-A9AB-441C-803F-E80149002EAC}.Debug|x64.Build.0 = Debug|x64
		{60FA1808-A9AB-441C-803F-E80149002EAC}.Debug|x86.ActiveCfg = Debug|Win32
		{60FA1808-A9AB-441C-803F-E80149002EAC}.Debug|x86.Build.0 = Debug|Win32
		{60FA1808-A9AB-441C-803F-E80149002EAC}.Release|x64.ActiveCfg = Release|x64
		{60FA1808-A9AB-441C-803F-E80149002EAC}.Release|x64.Build.0 = Release|x64
		{60FA1808-A9AB-441C-803F-E80149002EAC}.Release|x86.ActiveCfg = Release|Win32
		{60FA1808-A9AB-441C-803F-E80149002EAC}.Release|x86.Build.0 = Release|Win32
		{A84D4674-75CC-4B36-A042-95218AA19761}.Debug|x64.ActiveCfg = Debug|x64
		{A84D4674-75CC-4B36-A042-95218AA19761}.Debug|x64.Build.0 = Debug|x64
		{A84D4674-75CC-4B36-A042-95218AA19761}.Debug|x86.ActiveCfg = Debug|Win32
		{A84D4674-75CC-4B36-A042-95218AA19761}.Debug|x86.Build.0 = Debug|Win32
		{A84D4674-75CC-4B36-A042-95218AA19761}.Release|x64.ActiveCfg = Release|x64
		{A84D4674-75CC-4B36-A042-95218AA19761}.Release|x64.Build.0 = Release|x64
		{A84D4674-75CC-4B36-A042-95218AA19761}.Release|x86.ActiveCfg = Release|Win32
		{A84D4674-75CC-4B36-A042-95218AA19761}.Release|x86.Build.0 = Release|Win32
		{7D554A11-57A4-486F-923F-1981519537C7}.Debug|x64.ActiveCfg = Debug|x64
		{7D554A11-57A4-486F-923F-1981519537C7}.Debug|x64.Build.0 = Debug|x64
		{7D554A11-57A4-486F-923F-1981519537C7}.Debug|x86.ActiveCfg = Debug|Win32
		{7D554A11-57A4-486F-923F-1981519537C7}.Debug|x86.Build.0 = Debug|Win32
		{7D554A11-57A4-486F-923F-1981519537C7}.Release|x64.ActiveCfg = Release|x64
		{7D554A11-57A4-486F-923F-1981519537C7}.Release|x64.Build.0 = Release|x64
		{7D554A11-57A4-486F-923F-1981519537C7}.Release|x86.ActiveCfg = Release|Win32
		{7D554A11-57A4-486F-923F-1981519537C7}.Release|x86.Build.0 = Release|Win32
		{4E958845-F85F-45F9-A3EC-80E29D45E2D8}.Debug|x64.ActiveCfg = Debug|x64
		{4E958845-F85F-45F9-A3EC-80E29D45E2D8}.Debug|x64.Build.0 = Debug|x64
		{4E958845-F85F-45F9-A3EC-80E29D45E2D8}.Debug|x86.ActiveCfg = Debug|Win32
		{4E958845-F85F-45F9-A3EC-80E29D45E2D8}.Debug|x86.Build.0 = Debug|Win32
		{4E958845-F85F-45F9-A3EC-80E29D45E2D8}.Release|x64.ActiveCfg = Release|x64
		{4E958845-F85F-45F9-A3EC-80E29D45E2D8}.Release|x64.Build.0 = Release|x64
		{4E958845-F85F-45F9-A3EC-80E29D45E2D8}.Release|x86.ActiveCfg = Release|Win32
		{4E958845-F85F-45F9-A3EC-80E29D45E2D8}.Release|x86.Build.0 = Release|Win32
		{F0C66CBF-4950-4897-A11D-7A9939699E17}.Debug|x64.ActiveCfg = Debug|x64
		{F0C66CBF-4950-4897-A11D-7A9939699E17}.Debug|x64.Build.0 = Debug|x64
		{F0C66CBF-4950-4897-A11D-7A9939699E17}.Debug|x86.ActiveCfg = Debug|Win32
		{F0C66CBF-4950-4897-A11D-7A9939699E17}.Debug|x86.Build.0 = Debug|Win32
		{F0C66CBF-4950-4897-A11D-7A9939699E17}.Release|x64.ActiveCfg = Release|x64
		{F0C66CBF-4950-4897-A11D-7A9939699E17}.Release|x64.Build.0 = Release|x64
		{F0C66CBF-4950-4897-A11D-7A9939699E17}.Release|x86.ActiveCfg = Release|Win32
		{F0C66CBF-4950-4897-A11D-7A9939699E17}.Release|x86.Build.0 = Release|Win32
		{65BF27D3-8A46-4E92-8807-DF64A5444B8E}.Debug|x64.ActiveCfg = Debug|x64
		{65BF27D3-8A46-4E92-8807-DF64A5444B8E}.Debug|x64.Build.0 = Debug|x64
		{65BF27D3-8A46-4E92-8807-DF64A5444B8E}.Debug|x86.ActiveCfg = Debug|Win32
		{65BF27D3-8A46-4E92-8807-DF64A5444B8E}.Debug|x86.Build.0 = Debug|Win32
		{65BF27D3-8A46-4E92-8807-DF64A5444B8E}.Release|x64.ActiveCfg = Release|x64
		{65BF27D3-8A46-4E92-8807-DF64A5444B8E}.Release|x64.Build.0 = Release|x64
		{65BF27D3-8A46-4E92-8807-DF64A5444B8E}.Release|x86.ActiveCfg = Release|Win32
		{65BF27D3-8A46-4E92-8807-DF64A5444B8E}.Release|x86.Build.0 = Release|Win32
		{9658979D-4A6E-418C-9CBD-D99BD6E16440}.Debug|x64.ActiveCfg = Debug|x64
		{9658979D-4A6E-418C-9CBD-D99BD6E16440}.Debug|x64.Build.0 = Debug|x64
		{9658979D-4A6E-418C-9CBD-D99BD6E16440}.Debug|x86.ActiveCfg = Debug|Win32
		{9658979D-4A6E-418C-9CBD-D99BD6E16440}.Debug|x86.Build.0 = Debug|Win32
		{9658979D-4A6E-418C-9CBD-D99BD6E16440}.Release|x64.ActiveCfg = Release|x64
		{9658979D-4A6E-418C-9CBD-D99BD6E16440}.Release|x64.Build.0 = Release|x64
		{9658979D-4A6E-418C-9CBD-D99BD6E16440}.Release|x86.ActiveCfg = Release|Win32
		{9658979D-4A6E-418C-9CBD-D99BD6E16440}.Release|x86.Build.0 = Release|Win32
		{F896E596-BC86-4EEA-BEE7-B7EE00610ED8}.Debug|x64.ActiveCfg = Debug|x64
		{F896E596-BC86-4EEA-BEE7-B7EE00610ED8}.Debug|x64.Build.0 = Debug|x64
		{F896E596-BC86-4EEA-BEE7-B7EE00610ED8}.Debug|x86.ActiveCfg = Debug|Win32
		{F896E596-BC86-4EEA-BEE7-B7EE00610ED8}.Debug|x86.Build.0 = Debug|Win32
		{F896E596-BC86-4EEA-BEE7-B7EE00610ED8}.Release|x64.ActiveCfg = Release|x64
		{F896E596-BC86-4EEA-BEE7-B7EE00610ED8}.Release|x64.Build.0 = Release|x64
		{F896E596-BC86-4EEA-BEE7-B7EE00610ED8}.Release|x86.ActiveCfg = Release|Win32
		{F896E596-BC86-4EEA-BEE7-B7EE00610ED8}.Release|x86.Build.0 = Release|Win32
		{103B941D-8041-4FFE-BFD2-A73325AADE4D}.Debug|x64.ActiveCfg = Debug|x64
		{103B941D-8041-4FFE-BFD2-A73325AADE4D}.Debug|x64.Build.0 = Debug|x64
		{103B941D-8041-4FFE-BFD2-A73325AADE4D}.Debug|x86.ActiveCfg = Debug|Win32
		{103B941D-8041-4FFE-BFD2-A73325AADE4D}.Debug|x86.Build.0 = Debug|Win32
		{103B941D-8041-4FFE-BFD2-A73325AADE4D}.Release|x64.ActiveCfg = Release|x64
		{103B941D-8041-4FFE-BFD2-A73325AADE4D}.Release|x64.Build.0 = Release|x64
		{103B941D-8041-4FFE-BFD2-A73325AADE4D}.Release|x86.ActiveCfg = Release|Win32
		{103B941D-8041-4FFE-BFD2-A73325AADE4D}.Release|x86.Build.0 = Release|Win32
		{44E08C62-1F5E-49EC-91F8-3D0D0C7487CD}.Debug|x64.ActiveCfg = Debug|x64
		{44E08C62-1F5E-49EC-91F8-3D0D0C7487CD}.Debug|x64.Build.0 = Debug|x64
		{44E08C62-1F5E-49EC-91F8-3D0D0C7487CD}.Debug|x86.ActiveCfg = Debug|Win32
		{44E08C62-1F5E-49EC-91F8-3D0D0C7487CD}.Debug|x86.Build.0 = Debug|Win32
		{44E08C62-1F5E-49EC-91F8-3D0D0C7487CD}.Release|x64.ActiveCfg = Release|x64
		{44E08C62-1F5E-49EC-91F8-3D0D0C7487CD}.Release|x64.Build.0 = Release|x64
		{44E08C62-1F5E-49EC-91F8-3D0D0C7487CD}.Release|x86.ActiveCfg = Release|Win32
		{44E08C62-1F5E-49EC-91F8-3D0D0C7487CD}.Release|x86.Build.0 = Release|Win32
		{16B8CD27-BD79-4F97-90B5-63D94FC45E01}.Debug|x64.ActiveCfg = Debug|x64
		{16B8CD27-BD79-4F97-90B5-63D94FC45E01}.Debug|x64.Build.0 = Debug|x64
		{16B8CD27-BD79-4F97-90B5-63D94FC45E01}.Debug|x86.ActiveCfg = Debug|Win32
		{16B8CD27-BD79-4F97-90B5-63D94FC45E01}.Debug|x86.Build.0 = Debug|Win32
		{16B8CD27-BD79-4F97-90B5-63D94FC45E01}.Release|x64.ActiveCfg = Release|x64
		{16B8CD27-BD79-4F97-90B5-63D94FC45E01}.Release|x64.Build.0 = Release|x64
		{16B8CD27-BD79-4F97-90B5-63D94FC45E01}.Release|x86.ActiveCfg = Release|Win32
		{16B8CD27-BD79-4F97-90B5-63D94FC45E01}.Release|x86.Build.0 = Release|Win32
	EndGlobalSection
	GlobalSection(SolutionProperties) = preSolution
		HideSolutionNode = FALSE
	EndGlobalSection
	GlobalSection(NestedProjects) = preSolution
		{EDE7E660-CD30-4349-B519-DB9C343343BF} = {78FD3CA1-A2DE-4CAB-9E78-6C85DBA3C6C1}
		{9BA30A88-CCC2-4F4F-8201-C03D2B29A383} = {78FD3CA1-A2DE-4CAB-9E78-6C85DBA3C6C1}
		{1CE8A41E-D8A2-454D-BE2D-1D2DB8E21F2F} = {AD94DE9A-7677-4DC5-A253-06AB1F8962A0}
		{03446DC4-28AD-4E32-BCAB-E66454A8955C} = {78FD3CA1-A2DE-4CAB-9E78-6C85DBA3C6C1}
		{7D84B290-2F24-4E79-8818-2B2E44C10F98} = {78FD3CA1-A2DE-4CAB-9E78-6C85DBA3C6C1}
		{60FA1808-A9AB-441C-803F-E80149002EAC} = {AD94DE9A-7677-4DC5-A253-06AB1F8962A0}
		{4E958845-F85F-45F9-A3EC-80E29D45E2D8} = {78FD3CA1-A2DE-4CAB-9E78-6C85DBA3C6C1}
		{F0C66CBF-4950-4897-A11D-7A9939699E17} = {AD94DE9A-7677-4DC5-A253-06AB1F8962A0}
		{65BF27D3-8A46-4E92-8807-DF64A5444B8E} = {AD94DE9A-7677-4DC5-A253-06AB1F8962A0}
		{16B8CD27-BD79-4F97-90B5-63D94FC45E01} = {78FD3CA1-A2DE-4CAB-9E78-6C85DBA3C6C1}
	EndGlobalSection
	GlobalSection(ExtensibilityGlobals) = postSolution
		SolutionGuid = {F286CD72-DA50-41AE-ADCB-4D83D9F578E4}
	EndGlobalSection
EndGlobal
