<?xml version="1.0" encoding="utf-8"?>
<Project ToolsVersion="4.0" xmlns="http://schemas.microsoft.com/developer/msbuild/2003">
  <ItemGroup>
    <ClCompile Include="Individual.cpp" />
    <ClCompile Include="Bullet.cpp">
      <Filter>Content</Filter>
    </ClCompile>
    <ClCompile Include="ConsoleObjectManager.cpp">
      <Filter>Content</Filter>
    </ClCompile>
    <ClCompile Include="GameEnum.cpp">
      <Filter>Content</Filter>
    </ClCompile>
    <ClCompile Include="Player.cpp">
      <Filter>Content</Filter>
    </ClCompile>
    <ClCompile Include="ShootingGame.cpp">
      <Filter>Content</Filter>
    </ClCompile>
  </ItemGroup>
  <ItemGroup>
    <ClInclude Include="Bullet.h">
      <Filter>Content</Filter>
    </ClInclude>
    <ClInclude Include="ConsoleObjectManager.h">
      <Filter>Content</Filter>
    </ClInclude>
    <ClInclude Include="GameEnum.h">
      <Filter>Content</Filter>
    </ClInclude>
    <ClInclude Include="Player.h">
      <Filter>Content</Filter>
    </ClInclude>
    <ClInclude Include="ShootingGame.h">
      <Filter>Content</Filter>
    </ClInclude>
  </ItemGroup>
  <ItemGroup>
    <Filter Include="Content">
      <UniqueIdentifier>{bffe227c-90f0-4ab5-aa94-dc1277b505bb}</UniqueIdentifier>
    </Filter>
  </ItemGroup>
</Project>